PODS:
  - Alamofire (5.11.2)
  - DGCharts (5.1.0):
    - DGCharts/Core (= 5.1.0)
  - DGCharts/Core (5.1.0)
  - FMDB (2.7.12):
    - FMDB/standard (= 2.7.12)
  - FMDB/Core (2.7.12)
  - FMDB/standard (2.7.12):
    - FMDB/Core
  - Kingfisher (7.12.0)
  - RongCloudIM/ChatRoom (5.40.0):
    - RongCloudIM/IMLibCore
  - RongCloudIM/CustomerService (5.40.0):
    - RongCloudIM/IMLibCore
  - RongCloudIM/Discussion (5.40.0):
    - RongCloudIM/IMLibCore
  - RongCloudIM/IMLib (5.40.0):
    - RongCloudIM/ChatRoom
    - RongCloudIM/CustomerService
    - RongCloudIM/Discussion
    - RongCloudIM/IMLibCore
    - RongCloudIM/PublicService
  - RongCloudIM/IMLibCore (5.40.0)
  - RongCloudIM/PublicService (5.40.0):
    - RongCloudIM/IMLibCore
  - SnapKit (5.7.1)

DEPENDENCIES:
  - Alamofire (~> 5.9)
  - DGCharts
  - FMDB (~> 2.7)
  - Kingfisher (~> 7.0)
  - RongCloudIM/IMLib (~> 5.40.0)
  - SnapKit (~> 5.7)

SPEC REPOS:
  trunk:
    - Alamofire
    - DGCharts
    - FMDB
    - Kingfisher
    - RongCloudIM
    - SnapKit

SPEC CHECKSUMS:
  Alamofire: 400275dd1c6d87d95a041861d2a59da4b520a203
  DGCharts: 1c6daf585b6cfc78807af44ea690d357c410627f
  FMDB: 728731dd336af3936ce00f91d9d8495f5718a0e6
  Kingfisher: 53a10ea35051a436b5fb626ca2dd8f3144d755e9
  RongCloudIM: c9ce09fd954aa63cf443fb0c55823f0d6f40dca6
  SnapKit: d612e99e678a2d3b95bf60b0705ed0a35c03484a

PODFILE CHECKSUM: f408b1aea6f58d377dd3a2dee03b9ac6374d36e3

COCOAPODS: 1.16.2
