// !$*UTF8*$!
{
	archiveVersion = 1;
	classes = {
	};
	objectVersion = 46;
	objects = {

/* Begin PBXBuildFile section */
		023299BEDDBAE0D022B08E7B /* DALProtocol.swift in Sources */ = {isa = PBXBuildFile; fileRef = C0DFD924CDD4A764ABF604FB /* DALProtocol.swift */; };
		05433145BBE114CF0C1DC08A /* DatabaseManager.swift in Sources */ = {isa = PBXBuildFile; fileRef = B1B291D76D4C819D8DB33D00 /* DatabaseManager.swift */; };
		0A509A5F93C44346FA943249 /* EcgViewController.swift in Sources */ = {isa = PBXBuildFile; fileRef = 13CFE1614483ECDDFB1F6BF7 /* EcgViewController.swift */; };
		0D9CCCF8E6DF5482A9FACDF0 /* APIManager.swift in Sources */ = {isa = PBXBuildFile; fileRef = 27CE239FA8FD35C6FAB8017C /* APIManager.swift */; };
		0DF3EEBD3CBD7D3B5436CB24 /* PolicyViewController.swift in Sources */ = {isa = PBXBuildFile; fileRef = 081BA2DBDE01D1406E30170D /* PolicyViewController.swift */; };
		0EDC5622BF3A0A37E849F288 /* SectionTitleView.swift in Sources */ = {isa = PBXBuildFile; fileRef = E9C2E856DFAEC8757D284064 /* SectionTitleView.swift */; };
		0EE2E6B7960C05819866D0E1 /* BluetoothManager.swift in Sources */ = {isa = PBXBuildFile; fileRef = 5CE8E0C75DF62E92DC4A2681 /* BluetoothManager.swift */; };
		1406F12781B85941BC234E2B /* OAuthAuthenticator.swift in Sources */ = {isa = PBXBuildFile; fileRef = 68DC37BCDD618E2DCE9A9D02 /* OAuthAuthenticator.swift */; };
		1573E68259A66AD868AFD131 /* ChatViewController.swift in Sources */ = {isa = PBXBuildFile; fileRef = A7EDC9DBA2C15DAEC992461C /* ChatViewController.swift */; };
		1694DDA9C65C92BEE8B3AA7B /* Conversation.swift in Sources */ = {isa = PBXBuildFile; fileRef = 3743DC311DF3858D78351828 /* Conversation.swift */; };
		18D56CDA5128C0C654896D46 /* OptionChipView.swift in Sources */ = {isa = PBXBuildFile; fileRef = 8B273E85E9AF9070DCE471A1 /* OptionChipView.swift */; };
		1EE2121358C8F93652FC103C /* PaymentViewController.swift in Sources */ = {isa = PBXBuildFile; fileRef = 7B2F26CCFF4734186BF04A39 /* PaymentViewController.swift */; };
		1EE4690D0E179DD18C481D76 /* HomeTeamCardCell.swift in Sources */ = {isa = PBXBuildFile; fileRef = 545B6FD5E21C779F139D89E5 /* HomeTeamCardCell.swift */; };
		27260D21123BF37DC03CD18F /* MetricRulerView.swift in Sources */ = {isa = PBXBuildFile; fileRef = BDFA6D00CF0E1707D0957144 /* MetricRulerView.swift */; };
		2AB37F19E9E9BA0DCE4E2FF9 /* PaymentProtocol.swift in Sources */ = {isa = PBXBuildFile; fileRef = F33F829631DE3DD09B5C6FF3 /* PaymentProtocol.swift */; };
		2EA1671EACE2C23AF10A0DDF /* HomeHeroCell.swift in Sources */ = {isa = PBXBuildFile; fileRef = D5CCFA53EAAFCBA929BF63B5 /* HomeHeroCell.swift */; };
		31C52A8BD36FA64D4C32B098 /* UserDefaultsManager.swift in Sources */ = {isa = PBXBuildFile; fileRef = D333C32A8805FAD51C4D2820 /* UserDefaultsManager.swift */; };
		33DDECBC677E7E50B96C3779 /* SettingsViewController.swift in Sources */ = {isa = PBXBuildFile; fileRef = D7C3F2FAE5619994A3AA7A46 /* SettingsViewController.swift */; };
		342788F37504E84D0A004D5E /* SleepViewController.swift in Sources */ = {isa = PBXBuildFile; fileRef = 4BD50DDCF0289450DE8869D0 /* SleepViewController.swift */; };
		3E3A18231BB2871AEBFFBA7B /* WeeklyReportCell.swift in Sources */ = {isa = PBXBuildFile; fileRef = 8056F0ABC51890F951CC058C /* WeeklyReportCell.swift */; };
		43464FED90F9F0DFF7F7CADB /* APIError.swift in Sources */ = {isa = PBXBuildFile; fileRef = E2C9738A2B82C009F94EDFE7 /* APIError.swift */; };
		4A75427BA911A7B10D4DDE6E /* MonitoringPlanViewController.swift in Sources */ = {isa = PBXBuildFile; fileRef = B498405ABB27F6D8377D6064 /* MonitoringPlanViewController.swift */; };
		4D3B9FC870DC051DB24DD8F6 /* HealthReportViewController.swift in Sources */ = {isa = PBXBuildFile; fileRef = 619369377609556A6596BEFF /* HealthReportViewController.swift */; };
		4F7369070CC43FA996104A94 /* LoginFieldView.swift in Sources */ = {isa = PBXBuildFile; fileRef = 7D7AD8DF0E1609567B12918C /* LoginFieldView.swift */; };
		5648A1F17004E9968A7F96E4 /* StageReportCell.swift in Sources */ = {isa = PBXBuildFile; fileRef = A0407478440907A929B00481 /* StageReportCell.swift */; };
		59AB481874792A6D2327D4DB /* PLProtocol.swift in Sources */ = {isa = PBXBuildFile; fileRef = 840D488A2D621EED67F49634 /* PLProtocol.swift */; };
		5E7531B1805BDFC74CD1F8CB /* BluetoothModels.swift in Sources */ = {isa = PBXBuildFile; fileRef = B6373F937CC9DA144A80873C /* BluetoothModels.swift */; };
		625D4BF5B8323C4730A5B48E /* SceneDelegate.swift in Sources */ = {isa = PBXBuildFile; fileRef = B8DE397CDF8225D92B0353A0 /* SceneDelegate.swift */; };
		62628470BAE98A14205557DD /* MetricAddViewController.swift in Sources */ = {isa = PBXBuildFile; fileRef = 48F0BFA51617B47B9D5DA86D /* MetricAddViewController.swift */; };
		631F39830B0FACBBF98B6C6F /* ServiceRoutes.swift in Sources */ = {isa = PBXBuildFile; fileRef = 282C1F0671F2C969561DE1C7 /* ServiceRoutes.swift */; };
		678D746E713E617DA4218CF8 /* BaseViewController.swift in Sources */ = {isa = PBXBuildFile; fileRef = 7FFA483EDF37CE2D4BEAFA2C /* BaseViewController.swift */; };
		68F481056F1B78EE61CC78F8 /* HealthMallViewController.swift in Sources */ = {isa = PBXBuildFile; fileRef = 629C18D65321C9E6BC32BA86 /* HealthMallViewController.swift */; };
		7568562CC69E30C273DCAF3A /* SpO2ViewController.swift in Sources */ = {isa = PBXBuildFile; fileRef = 7054846090DC999E8A4AA089 /* SpO2ViewController.swift */; };
		7A8B706AA025C5FAC1433DA9 /* ServiceListViewController.swift in Sources */ = {isa = PBXBuildFile; fileRef = 892001FB5FF7399E601EF9C4 /* ServiceListViewController.swift */; };
		7B46EF5C3CB00C67C3413246 /* AppointmentsViewController.swift in Sources */ = {isa = PBXBuildFile; fileRef = 27EE4ECD3E9C86C039F31E29 /* AppointmentsViewController.swift */; };
		7FD06195AE16D4FD3861568B /* BaseNavigationController.swift in Sources */ = {isa = PBXBuildFile; fileRef = EE076FFD3B924E308E3D26E9 /* BaseNavigationController.swift */; };
		8449BE1294FC1603412521D4 /* HealthEvaluationsViewController.swift in Sources */ = {isa = PBXBuildFile; fileRef = 024BB0505F52EBA8BBB0F6A6 /* HealthEvaluationsViewController.swift */; };
		85D1EAC623198A9F60F786E0 /* PeripheralCell.swift in Sources */ = {isa = PBXBuildFile; fileRef = 7BA15F07EE00BE72C38F6C89 /* PeripheralCell.swift */; };
		86A90CFE9F2E03462DACDD60 /* HomeTaskCardCell.swift in Sources */ = {isa = PBXBuildFile; fileRef = F66310705999D8297D1FE4EF /* HomeTaskCardCell.swift */; };
		880D3EEECACFBB9A6791AB14 /* Message.swift in Sources */ = {isa = PBXBuildFile; fileRef = B7AE47164C661037814AB024 /* Message.swift */; };
		8B8C09E1713C1F6FC5A641CA /* ProfileViewController.swift in Sources */ = {isa = PBXBuildFile; fileRef = A2DE7CB0CC0F0792F08218E9 /* ProfileViewController.swift */; };
		8D68B8774B8EA704796D6F1A /* FamilyViewController.swift in Sources */ = {isa = PBXBuildFile; fileRef = 719AE3975B99859C1D663A23 /* FamilyViewController.swift */; };
		8DC19885FA8CBC4AD853552E /* PaymentService.swift in Sources */ = {isa = PBXBuildFile; fileRef = 31DDB71613DB8E688C4122B3 /* PaymentService.swift */; };
		8E749A7845EBA8C07946E821 /* Router.swift in Sources */ = {isa = PBXBuildFile; fileRef = 595A3F9A5793396375B1815B /* Router.swift */; };
		9A248986A42446AB3705EC31 /* OnboardingViewController.swift in Sources */ = {isa = PBXBuildFile; fileRef = 3E2C1E52BF27D76D4C2DEAEA /* OnboardingViewController.swift */; };
		9B3BD71652518F27624BD396 /* StageMetricsCardView.swift in Sources */ = {isa = PBXBuildFile; fileRef = 7EAF498F5E583779ABA3E77A /* StageMetricsCardView.swift */; };
		9F5D324E0D90EB682A0A77B4 /* OAuthCredential.swift in Sources */ = {isa = PBXBuildFile; fileRef = AFDBED21231D2F368D2F5FA5 /* OAuthCredential.swift */; };
		A3AADC4D6DF2A11DC4DA077F /* LaunchScreen.storyboard in Resources */ = {isa = PBXBuildFile; fileRef = 7A38C4AFEC723E4B6C12D675 /* LaunchScreen.storyboard */; };
		A57D2EFC2FDBBE00002E43BA /* MyViewController.swift in Sources */ = {isa = PBXBuildFile; fileRef = A57D2EF82FDBBE00002E43BA /* MyViewController.swift */; };
		A57D2EFD2FDBBE00002E43BA /* LoginViewController.swift in Sources */ = {isa = PBXBuildFile; fileRef = A57D2EFA2FDBBE00002E43BA /* LoginViewController.swift */; };
		A57D2EFF2FDBBE3B002E43BA /* HealthViewController.swift in Sources */ = {isa = PBXBuildFile; fileRef = A57D2EFE2FDBBE3B002E43BA /* HealthViewController.swift */; };
		A57D2F022FDBBE75002E43BA /* HomeViewController.swift in Sources */ = {isa = PBXBuildFile; fileRef = A57D2F002FDBBE75002E43BA /* HomeViewController.swift */; };
		A57D2F042FDBBEB7002E43BA /* ServiceViewController.swift in Sources */ = {isa = PBXBuildFile; fileRef = A57D2F032FDBBEB7002E43BA /* ServiceViewController.swift */; };
		A57D2F062FDBBEC8002E43BA /* MessageListViewController.swift in Sources */ = {isa = PBXBuildFile; fileRef = A57D2F052FDBBEC8002E43BA /* MessageListViewController.swift */; };
		A57D2F162FDBFF13002E43BA /* BloodPressureViewController.swift in Sources */ = {isa = PBXBuildFile; fileRef = A57D2F112FDBFF13002E43BA /* BloodPressureViewController.swift */; };
		A57D2F172FDBFF13002E43BA /* HeartRateViewController.swift in Sources */ = {isa = PBXBuildFile; fileRef = A57D2F132FDBFF13002E43BA /* HeartRateViewController.swift */; };
		A57D2F182FDBFF13002E43BA /* BloodSugarViewController.swift in Sources */ = {isa = PBXBuildFile; fileRef = A57D2F122FDBFF13002E43BA /* BloodSugarViewController.swift */; };
		A57D2F192FDBFF13002E43BA /* WeightViewController.swift in Sources */ = {isa = PBXBuildFile; fileRef = A57D2F142FDBFF13002E43BA /* WeightViewController.swift */; };
		A57D2F1A2FDBFF13002E43BA /* MetricCardCell.swift in Sources */ = {isa = PBXBuildFile; fileRef = A57D2F102FDBFF13002E43BA /* MetricCardCell.swift */; };
		A57D2F1E2FDC0647002E43BA /* MyRoutes.swift in Sources */ = {isa = PBXBuildFile; fileRef = A57D2F1B2FDC0647002E43BA /* MyRoutes.swift */; };
		A57D2F242FDC0661002E43BA /* RegisterLoginRoutes.swift in Sources */ = {isa = PBXBuildFile; fileRef = A57D2F202FDC0661002E43BA /* RegisterLoginRoutes.swift */; };
		A5917CE22FDFA7C000878961 /* HomeRoutes.swift in Sources */ = {isa = PBXBuildFile; fileRef = A5917CE02FDFA7C000878961 /* HomeRoutes.swift */; };
		A5917D062FDFC8EF00878961 /* UIColor+Hex.swift in Sources */ = {isa = PBXBuildFile; fileRef = A5917CFD2FDFC8EF00878961 /* UIColor+Hex.swift */; };
		A5917D072FDFC8EF00878961 /* UIViewController+Alert.swift in Sources */ = {isa = PBXBuildFile; fileRef = A5917D032FDFC8EF00878961 /* UIViewController+Alert.swift */; };
		A5917D082FDFC8EF00878961 /* UIView+Shadow.swift in Sources */ = {isa = PBXBuildFile; fileRef = A5917D012FDFC8EF00878961 /* UIView+Shadow.swift */; };
		A5917D092FDFC8EF00878961 /* UIView+Layout.swift in Sources */ = {isa = PBXBuildFile; fileRef = A5917D002FDFC8EF00878961 /* UIView+Layout.swift */; };
		A5917D0A2FDFC8EF00878961 /* UIColor+Theme.swift in Sources */ = {isa = PBXBuildFile; fileRef = A5917CFE2FDFC8EF00878961 /* UIColor+Theme.swift */; };
		A5917D0B2FDFC8EF00878961 /* UIButton+Funde.swift in Sources */ = {isa = PBXBuildFile; fileRef = A5917CFB2FDFC8EF00878961 /* UIButton+Funde.swift */; };
		A5917D0C2FDFC8EF00878961 /* DGCharts+Theme.swift in Sources */ = {isa = PBXBuildFile; fileRef = A5917CF92FDFC8EF00878961 /* DGCharts+Theme.swift */; };
		A5917D0E2FDFD7D000878961 /* ForgotPasswordViewController.swift in Sources */ = {isa = PBXBuildFile; fileRef = A5917D0D2FDFD7D000878961 /* ForgotPasswordViewController.swift */; };
		A5917D162FDFD7E500878961 /* PrivacyPromptView.swift in Sources */ = {isa = PBXBuildFile; fileRef = A5917D132FDFD7E500878961 /* PrivacyPromptView.swift */; };
		A5917D182FDFD7E500878961 /* NotificationGuideView.swift in Sources */ = {isa = PBXBuildFile; fileRef = A5917D112FDFD7E500878961 /* NotificationGuideView.swift */; };
		A5917D192FDFD7E500878961 /* PhoneBindingView.swift in Sources */ = {isa = PBXBuildFile; fileRef = A5917D122FDFD7E500878961 /* PhoneBindingView.swift */; };
		A5917D1A2FDFD7E500878961 /* CaptchaVerifyView.swift in Sources */ = {isa = PBXBuildFile; fileRef = A5917D102FDFD7E500878961 /* CaptchaVerifyView.swift */; };
		A5917D1B2FDFD7E500878961 /* VerifyCodeButton.swift in Sources */ = {isa = PBXBuildFile; fileRef = A5917D142FDFD7E500878961 /* VerifyCodeButton.swift */; };
		A5917D1C2FDFD7E500878961 /* AgreementCheckboxView.swift in Sources */ = {isa = PBXBuildFile; fileRef = A5917D0F2FDFD7E500878961 /* AgreementCheckboxView.swift */; };
		A5917D202FDFD7FE00878961 /* LoginService.swift in Sources */ = {isa = PBXBuildFile; fileRef = A5917D1E2FDFD7FE00878961 /* LoginService.swift */; };
		A5917D212FDFD7FE00878961 /* LoginModels.swift in Sources */ = {isa = PBXBuildFile; fileRef = A5917D1D2FDFD7FE00878961 /* LoginModels.swift */; };
		A5917D222FDFD7FE00878961 /* LoginServiceProtocol.swift in Sources */ = {isa = PBXBuildFile; fileRef = A5917D1F2FDFD7FE00878961 /* LoginServiceProtocol.swift */; };
		A5917D242FDFD96D00878961 /* WebViewController.swift in Sources */ = {isa = PBXBuildFile; fileRef = A5917D232FDFD96D00878961 /* WebViewController.swift */; };
		A5917D2A2FDFDD7F00878961 /* HealthQuickEntriesCell.swift in Sources */ = {isa = PBXBuildFile; fileRef = A5917D262FDFDD7F00878961 /* HealthQuickEntriesCell.swift */; };
		A5917D2B2FDFDD7F00878961 /* HealthArchiveCardCell.swift in Sources */ = {isa = PBXBuildFile; fileRef = A5917D252FDFDD7F00878961 /* HealthArchiveCardCell.swift */; };
		A5917D2C2FDFDD7F00878961 /* HealthScoreCardCell.swift in Sources */ = {isa = PBXBuildFile; fileRef = A5917D272FDFDD7F00878961 /* HealthScoreCardCell.swift */; };
		A5917D2D2FDFDD7F00878961 /* HealthVitalMetricsCell.swift in Sources */ = {isa = PBXBuildFile; fileRef = A5917D282FDFDD7F00878961 /* HealthVitalMetricsCell.swift */; };
		A5917D332FDFDD9800878961 /* MeServiceFulfillmentCell.swift in Sources */ = {isa = PBXBuildFile; fileRef = A5917D302FDFDD9800878961 /* MeServiceFulfillmentCell.swift */; };
		A5917D342FDFDD9800878961 /* MeFuncRowCell.swift in Sources */ = {isa = PBXBuildFile; fileRef = A5917D2E2FDFDD9800878961 /* MeFuncRowCell.swift */; };
		A5917D352FDFDD9800878961 /* MeStatsStripCell.swift in Sources */ = {isa = PBXBuildFile; fileRef = A5917D312FDFDD9800878961 /* MeStatsStripCell.swift */; };
		A5917D362FDFDD9800878961 /* MeMembershipCardCell.swift in Sources */ = {isa = PBXBuildFile; fileRef = A5917D2F2FDFDD9800878961 /* MeMembershipCardCell.swift */; };
		A5917D3A2FDFFAC300878961 /* MessageBubbleCell.swift in Sources */ = {isa = PBXBuildFile; fileRef = A5917D372FDFFAC300878961 /* MessageBubbleCell.swift */; };
		A5917D3B2FDFFAC300878961 /* ConversationCell.swift in Sources */ = {isa = PBXBuildFile; fileRef = A5917D392FDFFAC300878961 /* ConversationCell.swift */; };
		A5B99BBE2FE148B800D92180 /* HealthRecordModels.swift in Sources */ = {isa = PBXBuildFile; fileRef = A5B99BB92FE148B800D92180 /* HealthRecordModels.swift */; };
		A5B99BBF2FE148B800D92180 /* BodyFigureView.swift in Sources */ = {isa = PBXBuildFile; fileRef = A5B99BB42FE148B800D92180 /* BodyFigureView.swift */; };
		A5B99BC02FE148B800D92180 /* HealthRecordUserInfoCell.swift in Sources */ = {isa = PBXBuildFile; fileRef = A5B99BBA2FE148B800D92180 /* HealthRecordUserInfoCell.swift */; };
		A5B99BC12FE148B800D92180 /* HealthRecordHistoryCell.swift in Sources */ = {isa = PBXBuildFile; fileRef = A5B99BB62FE148B800D92180 /* HealthRecordHistoryCell.swift */; };
		A5B99BC22FE148B800D92180 /* RiskBarView.swift in Sources */ = {isa = PBXBuildFile; fileRef = A5B99BBC2FE148B800D92180 /* RiskBarView.swift */; };
		A5B99BC32FE148B800D92180 /* HealthRecordBodyCardCell.swift in Sources */ = {isa = PBXBuildFile; fileRef = A5B99BB52FE148B800D92180 /* HealthRecordBodyCardCell.swift */; };
		A5B99BC42FE148B800D92180 /* HealthRecordLifestyleCell.swift in Sources */ = {isa = PBXBuildFile; fileRef = A5B99BB72FE148B800D92180 /* HealthRecordLifestyleCell.swift */; };
		A5B99BC52FE148B800D92180 /* HealthRecordMetricRowCell.swift in Sources */ = {isa = PBXBuildFile; fileRef = A5B99BB82FE148B800D92180 /* HealthRecordMetricRowCell.swift */; };
		A5B99BC62FE148B800D92180 /* HealthRecordViewController.swift in Sources */ = {isa = PBXBuildFile; fileRef = A5B99BBB2FE148B800D92180 /* HealthRecordViewController.swift */; };
		A5BFCA382FE38EF1008DA1DF /* UIFont+Funde.swift in Sources */ = {isa = PBXBuildFile; fileRef = A5BFCA362FE38EF1008DA1DF /* UIFont+Funde.swift */; };
		A5BFCB302FE3C15D008DA1DF /* AccessibilitySettingsViewController.swift in Sources */ = {isa = PBXBuildFile; fileRef = A5BFCB2B2FE3C15D008DA1DF /* AccessibilitySettingsViewController.swift */; };
		A5BFCB312FE3C15D008DA1DF /* AboutSettingsViewController.swift in Sources */ = {isa = PBXBuildFile; fileRef = A5BFCB2A2FE3C15D008DA1DF /* AboutSettingsViewController.swift */; };
		A5BFCB322FE3C15D008DA1DF /* PrivacySettingsViewController.swift in Sources */ = {isa = PBXBuildFile; fileRef = A5BFCB2D2FE3C15D008DA1DF /* PrivacySettingsViewController.swift */; };
		A5BFCB332FE3C15D008DA1DF /* SecuritySettingsViewController.swift in Sources */ = {isa = PBXBuildFile; fileRef = A5BFCB2E2FE3C15D008DA1DF /* SecuritySettingsViewController.swift */; };
		A5BFCB342FE3C15D008DA1DF /* NotificationSettingsViewController.swift in Sources */ = {isa = PBXBuildFile; fileRef = A5BFCB2C2FE3C15D008DA1DF /* NotificationSettingsViewController.swift */; };
		A5BFCB362FE3C18D008DA1DF /* SettingsToggleCell.swift in Sources */ = {isa = PBXBuildFile; fileRef = A5BFCB352FE3C18D008DA1DF /* SettingsToggleCell.swift */; };
		A952E20047557E6F1D7EE0AF /* Pods_lhjk_client_new.framework in Frameworks */ = {isa = PBXBuildFile; fileRef = E2191AA18B75ED1F24719943 /* Pods_lhjk_client_new.framework */; };
		A97FF7EF73364502F99C2EC4 /* AppDelegate.swift in Sources */ = {isa = PBXBuildFile; fileRef = 5FACC28499C23F3853EBBF10 /* AppDelegate.swift */; };
		B071816CF85673E86ECBF759 /* DevicesViewController.swift in Sources */ = {isa = PBXBuildFile; fileRef = EE6B98583B23B6831E89C159 /* DevicesViewController.swift */; };
		B0BC602D83CB797AB66DFE1F /* WechatPayChannel.swift in Sources */ = {isa = PBXBuildFile; fileRef = 395140C046B00859321C4B05 /* WechatPayChannel.swift */; };
		B270B847530087B6D64A4B03 /* DietPlanViewController.swift in Sources */ = {isa = PBXBuildFile; fileRef = F95D4E27E21CB917BA8D97C8 /* DietPlanViewController.swift */; };
		B2D6B218F3BB303CD7571664 /* BluetoothService.swift in Sources */ = {isa = PBXBuildFile; fileRef = D0727F1AEE4F87CC1D8471BF /* BluetoothService.swift */; };
		B3900106696EDAEC01403D9D /* RongCloudManager.swift in Sources */ = {isa = PBXBuildFile; fileRef = FE938ED267A4A5BD94207F6E /* RongCloudManager.swift */; };
		B4E6835B6A7B7B08AED3294E /* HomeQuickActionsCell.swift in Sources */ = {isa = PBXBuildFile; fileRef = C363076AE63C6D8EBF4615DB /* HomeQuickActionsCell.swift */; };
		B92F96EB8F6DADF4562EA642 /* RongCloudMessageDelegate.swift in Sources */ = {isa = PBXBuildFile; fileRef = CF09D89100EBE0ABD42544FD /* RongCloudMessageDelegate.swift */; };
		B9EFCF3E657E0B1117AEF7E2 /* ConversationListViewController.swift in Sources */ = {isa = PBXBuildFile; fileRef = A4DACDBFFDBFF750E34307AC /* ConversationListViewController.swift */; };
		BA0FFADEEC815606D73DFCBF /* OrderListViewController.swift in Sources */ = {isa = PBXBuildFile; fileRef = 0CC32FFF96970D13A3A394E7 /* OrderListViewController.swift */; };
		BB1E36BDFE3D72E20FBEDCF0 /* HomeServiceBannerCell.swift in Sources */ = {isa = PBXBuildFile; fileRef = 1F1F99A3F53E0201E0382896 /* HomeServiceBannerCell.swift */; };
		BB7DEF26F4B9703D4AF29861 /* DigestiveViewController.swift in Sources */ = {isa = PBXBuildFile; fileRef = 418F40E80C8DD064F73A6FFE /* DigestiveViewController.swift */; };
		BE14F14A358741BB99BE0FFA /* MetricsViewController.swift in Sources */ = {isa = PBXBuildFile; fileRef = CB1061151A764123A448CC1C /* MetricsViewController.swift */; };
		BF95CF00169880173A78BDF8 /* MetricCardCell.swift in Sources */ = {isa = PBXBuildFile; fileRef = D50703581C623E4254C38209 /* MetricCardCell.swift */; };
		C7908897087E6472C5021E0F /* Foundation.framework in Frameworks */ = {isa = PBXBuildFile; fileRef = DB2F07AA65B496162BCA2DB3 /* Foundation.framework */; };
		C8C2F63AA4929D219BE2AE0C /* RootTabBarController.swift in Sources */ = {isa = PBXBuildFile; fileRef = 4D99515A34B08FA9203F7DFB /* RootTabBarController.swift */; };
		C93572D0D1BE419981086975 /* MessageRoutes.swift in Sources */ = {isa = PBXBuildFile; fileRef = A8B0D2D90AC6467582FAAE9C /* MessageRoutes.swift */; };
		CBDE3CB76555F2D48F79ADC9 /* OrderCardCell.swift in Sources */ = {isa = PBXBuildFile; fileRef = 6B6CEC5F1C6384EFD8D0C047 /* OrderCardCell.swift */; };
		CC5AFA75E6FC57E098F3107B /* NetworkMonitor.swift in Sources */ = {isa = PBXBuildFile; fileRef = 2864D2DFAE001AA678A08E54 /* NetworkMonitor.swift */; };
		D0C0F9A29B4ED9D6FB4A6C01 /* AlipayChannel.swift in Sources */ = {isa = PBXBuildFile; fileRef = 6E9969E87449F15762387486 /* AlipayChannel.swift */; };
		D0DF85E8760C6773E9B32743 /* RouteSetup.swift in Sources */ = {isa = PBXBuildFile; fileRef = 218FE8AE56EDAABAC5B6AA72 /* RouteSetup.swift */; };
		D37E9CD6CE58F539A8D8DBFB /* FuncRowView.swift in Sources */ = {isa = PBXBuildFile; fileRef = D87802E5D53C4815174A814D /* FuncRowView.swift */; };
		D4D3CF9A74172D4C53A40241 /* PlaceholderViewController.swift in Sources */ = {isa = PBXBuildFile; fileRef = E4C406B883EDA36A6FBC5C86 /* PlaceholderViewController.swift */; };
		D5A7A19BFB9910F4E8AD2FCD /* Assets.xcassets in Resources */ = {isa = PBXBuildFile; fileRef = DCE57F7A320AD8DA12CD7236 /* Assets.xcassets */; };
		D97D86F91B5A3A4D1C22DDC3 /* PaymentOrder.swift in Sources */ = {isa = PBXBuildFile; fileRef = 1064F73BA7453F81F619546E /* PaymentOrder.swift */; };
		DA0FC023460D3BD196E8DE73 /* FundusViewController.swift in Sources */ = {isa = PBXBuildFile; fileRef = 746F03316488E8B043EE38F1 /* FundusViewController.swift */; };
		E11C466E9195539DC2B9C064 /* ExerciseFoodViewController.swift in Sources */ = {isa = PBXBuildFile; fileRef = 78F343524CCA393486B22E8E /* ExerciseFoodViewController.swift */; };
		E2B789D15CA89A4157DC0C35 /* MembershipViewController.swift in Sources */ = {isa = PBXBuildFile; fileRef = DD680380E870019FA45DC7C5 /* MembershipViewController.swift */; };
		E7E5276C54E35414EB42377A /* HealthRoutes.swift in Sources */ = {isa = PBXBuildFile; fileRef = C585503B59B93311DEC6A839 /* HealthRoutes.swift */; };
		E9F251651FF71AEBC2DF03F3 /* BLLProtocol.swift in Sources */ = {isa = PBXBuildFile; fileRef = 625430E3BA9BF6D9CA97AAE8 /* BLLProtocol.swift */; };
		EF81F5EA5B41E6A3D6AD7317 /* IMService.swift in Sources */ = {isa = PBXBuildFile; fileRef = 929B2C07064774594EB5F7EC /* IMService.swift */; };
		F1DE89B1375768770C1F498F /* HomeArticleCell.swift in Sources */ = {isa = PBXBuildFile; fileRef = 2BA7A883A92F5B5D981EAD6C /* HomeArticleCell.swift */; };
		FC144619EF2E5B9C0F8CAC47 /* BrandHeaderView.swift in Sources */ = {isa = PBXBuildFile; fileRef = 5A664F4EB7478EC69CC8B7C6 /* BrandHeaderView.swift */; };
		FC5E44818A63C1C164911BDB /* PointsViewController.swift in Sources */ = {isa = PBXBuildFile; fileRef = BA2FD7801043AC641280FAA4 /* PointsViewController.swift */; };
/* End PBXBuildFile section */

/* Begin PBXFileReference section */
		024BB0505F52EBA8BBB0F6A6 /* HealthEvaluationsViewController.swift */ = {isa = PBXFileReference; includeInIndex = 1; lastKnownFileType = sourcecode.swift; path = HealthEvaluationsViewController.swift; sourceTree = "<group>"; };
		081BA2DBDE01D1406E30170D /* PolicyViewController.swift */ = {isa = PBXFileReference; includeInIndex = 1; lastKnownFileType = sourcecode.swift; path = PolicyViewController.swift; sourceTree = "<group>"; };
		08DA859284D97B48B4305368 /* Pods-lhjk-client-new.release.xcconfig */ = {isa = PBXFileReference; includeInIndex = 1; lastKnownFileType = text.xcconfig; name = "Pods-lhjk-client-new.release.xcconfig"; path = "Target Support Files/Pods-lhjk-client-new/Pods-lhjk-client-new.release.xcconfig"; sourceTree = "<group>"; };
		0CC32FFF96970D13A3A394E7 /* OrderListViewController.swift */ = {isa = PBXFileReference; includeInIndex = 1; lastKnownFileType = sourcecode.swift; path = OrderListViewController.swift; sourceTree = "<group>"; };
		1064F73BA7453F81F619546E /* PaymentOrder.swift */ = {isa = PBXFileReference; includeInIndex = 1; lastKnownFileType = sourcecode.swift; name = PaymentOrder.swift; path = DAL/Payment/PaymentOrder.swift; sourceTree = "<group>"; };
		13CFE1614483ECDDFB1F6BF7 /* EcgViewController.swift */ = {isa = PBXFileReference; includeInIndex = 1; lastKnownFileType = sourcecode.swift; path = EcgViewController.swift; sourceTree = "<group>"; };
		1F1F99A3F53E0201E0382896 /* HomeServiceBannerCell.swift */ = {isa = PBXFileReference; includeInIndex = 1; lastKnownFileType = sourcecode.swift; path = HomeServiceBannerCell.swift; sourceTree = "<group>"; };
		218FE8AE56EDAABAC5B6AA72 /* RouteSetup.swift */ = {isa = PBXFileReference; includeInIndex = 1; lastKnownFileType = sourcecode.swift; name = RouteSetup.swift; path = DAL/Router/RouteSetup.swift; sourceTree = "<group>"; };
		2726931B7C65F7052CD3282C /* Pods-lhjk-client-new.debug.xcconfig */ = {isa = PBXFileReference; includeInIndex = 1; lastKnownFileType = text.xcconfig; name = "Pods-lhjk-client-new.debug.xcconfig"; path = "Target Support Files/Pods-lhjk-client-new/Pods-lhjk-client-new.debug.xcconfig"; sourceTree = "<group>"; };
		27CE239FA8FD35C6FAB8017C /* APIManager.swift */ = {isa = PBXFileReference; includeInIndex = 1; lastKnownFileType = sourcecode.swift; name = APIManager.swift; path = DAL/Networking/APIManager.swift; sourceTree = "<group>"; };
		27EE4ECD3E9C86C039F31E29 /* AppointmentsViewController.swift */ = {isa = PBXFileReference; includeInIndex = 1; lastKnownFileType = sourcecode.swift; path = AppointmentsViewController.swift; sourceTree = "<group>"; };
		282C1F0671F2C969561DE1C7 /* ServiceRoutes.swift */ = {isa = PBXFileReference; includeInIndex = 1; lastKnownFileType = sourcecode.swift; name = ServiceRoutes.swift; path = BLL/Service/ServiceRoutes.swift; sourceTree = "<group>"; };
		2864D2DFAE001AA678A08E54 /* NetworkMonitor.swift */ = {isa = PBXFileReference; includeInIndex = 1; lastKnownFileType = sourcecode.swift; name = NetworkMonitor.swift; path = DAL/Networking/NetworkMonitor.swift; sourceTree = "<group>"; };
		2BA7A883A92F5B5D981EAD6C /* HomeArticleCell.swift */ = {isa = PBXFileReference; includeInIndex = 1; lastKnownFileType = sourcecode.swift; path = HomeArticleCell.swift; sourceTree = "<group>"; };
		31DDB71613DB8E688C4122B3 /* PaymentService.swift */ = {isa = PBXFileReference; includeInIndex = 1; lastKnownFileType = sourcecode.swift; name = PaymentService.swift; path = BLL/Service/PaymentService.swift; sourceTree = "<group>"; };
		3743DC311DF3858D78351828 /* Conversation.swift */ = {isa = PBXFileReference; includeInIndex = 1; lastKnownFileType = sourcecode.swift; name = Conversation.swift; path = DAL/IM/Conversation.swift; sourceTree = "<group>"; };
		395140C046B00859321C4B05 /* WechatPayChannel.swift */ = {isa = PBXFileReference; includeInIndex = 1; lastKnownFileType = sourcecode.swift; name = WechatPayChannel.swift; path = DAL/Payment/WechatPayChannel.swift; sourceTree = "<group>"; };
		3E2C1E52BF27D76D4C2DEAEA /* OnboardingViewController.swift */ = {isa = PBXFileReference; includeInIndex = 1; lastKnownFileType = sourcecode.swift; path = OnboardingViewController.swift; sourceTree = "<group>"; };
		418F40E80C8DD064F73A6FFE /* DigestiveViewController.swift */ = {isa = PBXFileReference; includeInIndex = 1; lastKnownFileType = sourcecode.swift; path = DigestiveViewController.swift; sourceTree = "<group>"; };
		48F0BFA51617B47B9D5DA86D /* MetricAddViewController.swift */ = {isa = PBXFileReference; includeInIndex = 1; lastKnownFileType = sourcecode.swift; path = MetricAddViewController.swift; sourceTree = "<group>"; };
		4BD50DDCF0289450DE8869D0 /* SleepViewController.swift */ = {isa = PBXFileReference; includeInIndex = 1; lastKnownFileType = sourcecode.swift; path = SleepViewController.swift; sourceTree = "<group>"; };
		4D99515A34B08FA9203F7DFB /* RootTabBarController.swift */ = {isa = PBXFileReference; includeInIndex = 1; lastKnownFileType = sourcecode.swift; name = RootTabBarController.swift; path = Other/RootTabBarController.swift; sourceTree = "<group>"; };
		545B6FD5E21C779F139D89E5 /* HomeTeamCardCell.swift */ = {isa = PBXFileReference; includeInIndex = 1; lastKnownFileType = sourcecode.swift; path = HomeTeamCardCell.swift; sourceTree = "<group>"; };
		595A3F9A5793396375B1815B /* Router.swift */ = {isa = PBXFileReference; includeInIndex = 1; lastKnownFileType = sourcecode.swift; name = Router.swift; path = DAL/Router/Router.swift; sourceTree = "<group>"; };
		5A664F4EB7478EC69CC8B7C6 /* BrandHeaderView.swift */ = {isa = PBXFileReference; includeInIndex = 1; lastKnownFileType = sourcecode.swift; path = BrandHeaderView.swift; sourceTree = "<group>"; };
		5CE8E0C75DF62E92DC4A2681 /* BluetoothManager.swift */ = {isa = PBXFileReference; includeInIndex = 1; lastKnownFileType = sourcecode.swift; name = BluetoothManager.swift; path = DAL/Bluetooth/BluetoothManager.swift; sourceTree = "<group>"; };
		5FACC28499C23F3853EBBF10 /* AppDelegate.swift */ = {isa = PBXFileReference; includeInIndex = 1; lastKnownFileType = sourcecode.swift; name = AppDelegate.swift; path = Other/AppDelegate.swift; sourceTree = "<group>"; };
		619369377609556A6596BEFF /* HealthReportViewController.swift */ = {isa = PBXFileReference; includeInIndex = 1; lastKnownFileType = sourcecode.swift; path = HealthReportViewController.swift; sourceTree = "<group>"; };
		625430E3BA9BF6D9CA97AAE8 /* BLLProtocol.swift */ = {isa = PBXFileReference; includeInIndex = 1; lastKnownFileType = sourcecode.swift; name = BLLProtocol.swift; path = Other/Common/Protocols/BLLProtocol.swift; sourceTree = "<group>"; };
		629C18D65321C9E6BC32BA86 /* HealthMallViewController.swift */ = {isa = PBXFileReference; includeInIndex = 1; lastKnownFileType = sourcecode.swift; name = HealthMallViewController.swift; path = PL/Service/HealthMallViewController.swift; sourceTree = "<group>"; };
		62E9EC642D4693434806DE88 /* Info.plist */ = {isa = PBXFileReference; includeInIndex = 1; lastKnownFileType = text.plist.xml; name = Info.plist; path = Other/Resources/Info.plist; sourceTree = "<group>"; };
		68DC37BCDD618E2DCE9A9D02 /* OAuthAuthenticator.swift */ = {isa = PBXFileReference; includeInIndex = 1; lastKnownFileType = sourcecode.swift; name = OAuthAuthenticator.swift; path = DAL/Networking/OAuthAuthenticator.swift; sourceTree = "<group>"; };
		6B6CEC5F1C6384EFD8D0C047 /* OrderCardCell.swift */ = {isa = PBXFileReference; includeInIndex = 1; lastKnownFileType = sourcecode.swift; path = OrderCardCell.swift; sourceTree = "<group>"; };
		6E9969E87449F15762387486 /* AlipayChannel.swift */ = {isa = PBXFileReference; includeInIndex = 1; lastKnownFileType = sourcecode.swift; name = AlipayChannel.swift; path = DAL/Payment/AlipayChannel.swift; sourceTree = "<group>"; };
		7054846090DC999E8A4AA089 /* SpO2ViewController.swift */ = {isa = PBXFileReference; includeInIndex = 1; lastKnownFileType = sourcecode.swift; path = SpO2ViewController.swift; sourceTree = "<group>"; };
		719AE3975B99859C1D663A23 /* FamilyViewController.swift */ = {isa = PBXFileReference; includeInIndex = 1; lastKnownFileType = sourcecode.swift; path = FamilyViewController.swift; sourceTree = "<group>"; };
		746F03316488E8B043EE38F1 /* FundusViewController.swift */ = {isa = PBXFileReference; includeInIndex = 1; lastKnownFileType = sourcecode.swift; path = FundusViewController.swift; sourceTree = "<group>"; };
		78F343524CCA393486B22E8E /* ExerciseFoodViewController.swift */ = {isa = PBXFileReference; includeInIndex = 1; lastKnownFileType = sourcecode.swift; path = ExerciseFoodViewController.swift; sourceTree = "<group>"; };
		7A38C4AFEC723E4B6C12D675 /* LaunchScreen.storyboard */ = {isa = PBXFileReference; includeInIndex = 1; lastKnownFileType = file.storyboard; name = LaunchScreen.storyboard; path = Other/Resources/LaunchScreen.storyboard; sourceTree = "<group>"; };
		7B2F26CCFF4734186BF04A39 /* PaymentViewController.swift */ = {isa = PBXFileReference; includeInIndex = 1; lastKnownFileType = sourcecode.swift; name = PaymentViewController.swift; path = PL/Service/PaymentViewController.swift; sourceTree = "<group>"; };
		7BA15F07EE00BE72C38F6C89 /* PeripheralCell.swift */ = {isa = PBXFileReference; includeInIndex = 1; lastKnownFileType = sourcecode.swift; name = PeripheralCell.swift; path = PL/Health/PeripheralCell.swift; sourceTree = "<group>"; };
		7D7AD8DF0E1609567B12918C /* LoginFieldView.swift */ = {isa = PBXFileReference; includeInIndex = 1; lastKnownFileType = sourcecode.swift; path = LoginFieldView.swift; sourceTree = "<group>"; };
		7EAF498F5E583779ABA3E77A /* StageMetricsCardView.swift */ = {isa = PBXFileReference; includeInIndex = 1; lastKnownFileType = sourcecode.swift; path = StageMetricsCardView.swift; sourceTree = "<group>"; };
		7FFA483EDF37CE2D4BEAFA2C /* BaseViewController.swift */ = {isa = PBXFileReference; includeInIndex = 1; lastKnownFileType = sourcecode.swift; name = BaseViewController.swift; path = Other/Common/Base/BaseViewController.swift; sourceTree = "<group>"; };
		8056F0ABC51890F951CC058C /* WeeklyReportCell.swift */ = {isa = PBXFileReference; includeInIndex = 1; lastKnownFileType = sourcecode.swift; path = WeeklyReportCell.swift; sourceTree = "<group>"; };
		840D488A2D621EED67F49634 /* PLProtocol.swift */ = {isa = PBXFileReference; includeInIndex = 1; lastKnownFileType = sourcecode.swift; name = PLProtocol.swift; path = Other/Common/Protocols/PLProtocol.swift; sourceTree = "<group>"; };
		892001FB5FF7399E601EF9C4 /* ServiceListViewController.swift */ = {isa = PBXFileReference; includeInIndex = 1; lastKnownFileType = sourcecode.swift; name = ServiceListViewController.swift; path = PL/Service/ServiceListViewController.swift; sourceTree = "<group>"; };
		8B273E85E9AF9070DCE471A1 /* OptionChipView.swift */ = {isa = PBXFileReference; includeInIndex = 1; lastKnownFileType = sourcecode.swift; path = OptionChipView.swift; sourceTree = "<group>"; };
		929B2C07064774594EB5F7EC /* IMService.swift */ = {isa = PBXFileReference; includeInIndex = 1; lastKnownFileType = sourcecode.swift; name = IMService.swift; path = BLL/Message/IMService.swift; sourceTree = "<group>"; };
		A0407478440907A929B00481 /* StageReportCell.swift */ = {isa = PBXFileReference; includeInIndex = 1; lastKnownFileType = sourcecode.swift; path = StageReportCell.swift; sourceTree = "<group>"; };
		A2DE7CB0CC0F0792F08218E9 /* ProfileViewController.swift */ = {isa = PBXFileReference; includeInIndex = 1; lastKnownFileType = sourcecode.swift; path = ProfileViewController.swift; sourceTree = "<group>"; };
		A4DACDBFFDBFF750E34307AC /* ConversationListViewController.swift */ = {isa = PBXFileReference; includeInIndex = 1; lastKnownFileType = sourcecode.swift; name = ConversationListViewController.swift; path = PL/Message/ConversationListViewController.swift; sourceTree = "<group>"; };
		A57D2EF82FDBBE00002E43BA /* MyViewController.swift */ = {isa = PBXFileReference; lastKnownFileType = sourcecode.swift; path = MyViewController.swift; sourceTree = "<group>"; };
		A57D2EFA2FDBBE00002E43BA /* LoginViewController.swift */ = {isa = PBXFileReference; lastKnownFileType = sourcecode.swift; path = LoginViewController.swift; sourceTree = "<group>"; };
		A57D2EFE2FDBBE3B002E43BA /* HealthViewController.swift */ = {isa = PBXFileReference; lastKnownFileType = sourcecode.swift; name = HealthViewController.swift; path = PL/Health/HealthViewController.swift; sourceTree = "<group>"; };
		A57D2F002FDBBE75002E43BA /* HomeViewController.swift */ = {isa = PBXFileReference; lastKnownFileType = sourcecode.swift; path = HomeViewController.swift; sourceTree = "<group>"; };
		A57D2F032FDBBEB7002E43BA /* ServiceViewController.swift */ = {isa = PBXFileReference; lastKnownFileType = sourcecode.swift; name = ServiceViewController.swift; path = PL/Service/ServiceViewController.swift; sourceTree = "<group>"; };
		A57D2F052FDBBEC8002E43BA /* MessageListViewController.swift */ = {isa = PBXFileReference; lastKnownFileType = sourcecode.swift; name = MessageListViewController.swift; path = PL/Message/MessageListViewController.swift; sourceTree = "<group>"; };
		A57D2F102FDBFF13002E43BA /* MetricCardCell.swift */ = {isa = PBXFileReference; lastKnownFileType = sourcecode.swift; name = MetricCardCell.swift; path = PL/Health/MetricCardCell.swift; sourceTree = "<group>"; };
		A57D2F112FDBFF13002E43BA /* BloodPressureViewController.swift */ = {isa = PBXFileReference; lastKnownFileType = sourcecode.swift; path = BloodPressureViewController.swift; sourceTree = "<group>"; };
		A57D2F122FDBFF13002E43BA /* BloodSugarViewController.swift */ = {isa = PBXFileReference; lastKnownFileType = sourcecode.swift; path = BloodSugarViewController.swift; sourceTree = "<group>"; };
		A57D2F132FDBFF13002E43BA /* HeartRateViewController.swift */ = {isa = PBXFileReference; lastKnownFileType = sourcecode.swift; path = HeartRateViewController.swift; sourceTree = "<group>"; };
		A57D2F142FDBFF13002E43BA /* WeightViewController.swift */ = {isa = PBXFileReference; lastKnownFileType = sourcecode.swift; path = WeightViewController.swift; sourceTree = "<group>"; };
		A57D2F1B2FDC0647002E43BA /* MyRoutes.swift */ = {isa = PBXFileReference; lastKnownFileType = sourcecode.swift; path = MyRoutes.swift; sourceTree = "<group>"; };
		A57D2F202FDC0661002E43BA /* RegisterLoginRoutes.swift */ = {isa = PBXFileReference; lastKnownFileType = sourcecode.swift; path = RegisterLoginRoutes.swift; sourceTree = "<group>"; };
		A5917CE02FDFA7C000878961 /* HomeRoutes.swift */ = {isa = PBXFileReference; lastKnownFileType = sourcecode.swift; path = HomeRoutes.swift; sourceTree = "<group>"; };
		A5917CF92FDFC8EF00878961 /* DGCharts+Theme.swift */ = {isa = PBXFileReference; lastKnownFileType = sourcecode.swift; path = "DGCharts+Theme.swift"; sourceTree = "<group>"; };
		A5917CFB2FDFC8EF00878961 /* UIButton+Funde.swift */ = {isa = PBXFileReference; lastKnownFileType = sourcecode.swift; path = "UIButton+Funde.swift"; sourceTree = "<group>"; };
		A5917CFD2FDFC8EF00878961 /* UIColor+Hex.swift */ = {isa = PBXFileReference; lastKnownFileType = sourcecode.swift; path = "UIColor+Hex.swift"; sourceTree = "<group>"; };
		A5917CFE2FDFC8EF00878961 /* UIColor+Theme.swift */ = {isa = PBXFileReference; lastKnownFileType = sourcecode.swift; path = "UIColor+Theme.swift"; sourceTree = "<group>"; };
		A5917D002FDFC8EF00878961 /* UIView+Layout.swift */ = {isa = PBXFileReference; lastKnownFileType = sourcecode.swift; path = "UIView+Layout.swift"; sourceTree = "<group>"; };
		A5917D012FDFC8EF00878961 /* UIView+Shadow.swift */ = {isa = PBXFileReference; lastKnownFileType = sourcecode.swift; path = "UIView+Shadow.swift"; sourceTree = "<group>"; };
		A5917D032FDFC8EF00878961 /* UIViewController+Alert.swift */ = {isa = PBXFileReference; lastKnownFileType = sourcecode.swift; path = "UIViewController+Alert.swift"; sourceTree = "<group>"; };
		A5917D0D2FDFD7D000878961 /* ForgotPasswordViewController.swift */ = {isa = PBXFileReference; lastKnownFileType = sourcecode.swift; path = ForgotPasswordViewController.swift; sourceTree = "<group>"; };
		A5917D0F2FDFD7E500878961 /* AgreementCheckboxView.swift */ = {isa = PBXFileReference; lastKnownFileType = sourcecode.swift; path = AgreementCheckboxView.swift; sourceTree = "<group>"; };
		A5917D102FDFD7E500878961 /* CaptchaVerifyView.swift */ = {isa = PBXFileReference; lastKnownFileType = sourcecode.swift; path = CaptchaVerifyView.swift; sourceTree = "<group>"; };
		A5917D112FDFD7E500878961 /* NotificationGuideView.swift */ = {isa = PBXFileReference; lastKnownFileType = sourcecode.swift; path = NotificationGuideView.swift; sourceTree = "<group>"; };
		A5917D122FDFD7E500878961 /* PhoneBindingView.swift */ = {isa = PBXFileReference; lastKnownFileType = sourcecode.swift; path = PhoneBindingView.swift; sourceTree = "<group>"; };
		A5917D132FDFD7E500878961 /* PrivacyPromptView.swift */ = {isa = PBXFileReference; lastKnownFileType = sourcecode.swift; path = PrivacyPromptView.swift; sourceTree = "<group>"; };
		A5917D142FDFD7E500878961 /* VerifyCodeButton.swift */ = {isa = PBXFileReference; lastKnownFileType = sourcecode.swift; path = VerifyCodeButton.swift; sourceTree = "<group>"; };
		A5917D1D2FDFD7FE00878961 /* LoginModels.swift */ = {isa = PBXFileReference; lastKnownFileType = sourcecode.swift; path = LoginModels.swift; sourceTree = "<group>"; };
		A5917D1E2FDFD7FE00878961 /* LoginService.swift */ = {isa = PBXFileReference; lastKnownFileType = sourcecode.swift; path = LoginService.swift; sourceTree = "<group>"; };
		A5917D1F2FDFD7FE00878961 /* LoginServiceProtocol.swift */ = {isa = PBXFileReference; lastKnownFileType = sourcecode.swift; path = LoginServiceProtocol.swift; sourceTree = "<group>"; };
		A5917D232FDFD96D00878961 /* WebViewController.swift */ = {isa = PBXFileReference; lastKnownFileType = sourcecode.swift; name = WebViewController.swift; path = Other/Common/Base/WebViewController.swift; sourceTree = "<group>"; };
		A5917D252FDFDD7F00878961 /* HealthArchiveCardCell.swift */ = {isa = PBXFileReference; lastKnownFileType = sourcecode.swift; path = HealthArchiveCardCell.swift; sourceTree = "<group>"; };
		A5917D262FDFDD7F00878961 /* HealthQuickEntriesCell.swift */ = {isa = PBXFileReference; lastKnownFileType = sourcecode.swift; path = HealthQuickEntriesCell.swift; sourceTree = "<group>"; };
		A5917D272FDFDD7F00878961 /* HealthScoreCardCell.swift */ = {isa = PBXFileReference; lastKnownFileType = sourcecode.swift; path = HealthScoreCardCell.swift; sourceTree = "<group>"; };
		A5917D282FDFDD7F00878961 /* HealthVitalMetricsCell.swift */ = {isa = PBXFileReference; lastKnownFileType = sourcecode.swift; path = HealthVitalMetricsCell.swift; sourceTree = "<group>"; };
		A5917D2E2FDFDD9800878961 /* MeFuncRowCell.swift */ = {isa = PBXFileReference; lastKnownFileType = sourcecode.swift; path = MeFuncRowCell.swift; sourceTree = "<group>"; };
		A5917D2F2FDFDD9800878961 /* MeMembershipCardCell.swift */ = {isa = PBXFileReference; lastKnownFileType = sourcecode.swift; path = MeMembershipCardCell.swift; sourceTree = "<group>"; };
		A5917D302FDFDD9800878961 /* MeServiceFulfillmentCell.swift */ = {isa = PBXFileReference; lastKnownFileType = sourcecode.swift; path = MeServiceFulfillmentCell.swift; sourceTree = "<group>"; };
		A5917D312FDFDD9800878961 /* MeStatsStripCell.swift */ = {isa = PBXFileReference; lastKnownFileType = sourcecode.swift; path = MeStatsStripCell.swift; sourceTree = "<group>"; };
		A5917D372FDFFAC300878961 /* MessageBubbleCell.swift */ = {isa = PBXFileReference; lastKnownFileType = sourcecode.swift; path = MessageBubbleCell.swift; sourceTree = "<group>"; };
		A5917D392FDFFAC300878961 /* ConversationCell.swift */ = {isa = PBXFileReference; lastKnownFileType = sourcecode.swift; name = ConversationCell.swift; path = PL/Message/ConversationCell.swift; sourceTree = "<group>"; };
		A5B99BB42FE148B800D92180 /* BodyFigureView.swift */ = {isa = PBXFileReference; lastKnownFileType = sourcecode.swift; path = BodyFigureView.swift; sourceTree = "<group>"; };
		A5B99BB52FE148B800D92180 /* HealthRecordBodyCardCell.swift */ = {isa = PBXFileReference; lastKnownFileType = sourcecode.swift; path = HealthRecordBodyCardCell.swift; sourceTree = "<group>"; };
		A5B99BB62FE148B800D92180 /* HealthRecordHistoryCell.swift */ = {isa = PBXFileReference; lastKnownFileType = sourcecode.swift; path = HealthRecordHistoryCell.swift; sourceTree = "<group>"; };
		A5B99BB72FE148B800D92180 /* HealthRecordLifestyleCell.swift */ = {isa = PBXFileReference; lastKnownFileType = sourcecode.swift; path = HealthRecordLifestyleCell.swift; sourceTree = "<group>"; };
		A5B99BB82FE148B800D92180 /* HealthRecordMetricRowCell.swift */ = {isa = PBXFileReference; lastKnownFileType = sourcecode.swift; path = HealthRecordMetricRowCell.swift; sourceTree = "<group>"; };
		A5B99BB92FE148B800D92180 /* HealthRecordModels.swift */ = {isa = PBXFileReference; lastKnownFileType = sourcecode.swift; path = HealthRecordModels.swift; sourceTree = "<group>"; };
		A5B99BBA2FE148B800D92180 /* HealthRecordUserInfoCell.swift */ = {isa = PBXFileReference; lastKnownFileType = sourcecode.swift; path = HealthRecordUserInfoCell.swift; sourceTree = "<group>"; };
		A5B99BBB2FE148B800D92180 /* HealthRecordViewController.swift */ = {isa = PBXFileReference; lastKnownFileType = sourcecode.swift; path = HealthRecordViewController.swift; sourceTree = "<group>"; };
		A5B99BBC2FE148B800D92180 /* RiskBarView.swift */ = {isa = PBXFileReference; lastKnownFileType = sourcecode.swift; path = RiskBarView.swift; sourceTree = "<group>"; };
		A5BFCA362FE38EF1008DA1DF /* UIFont+Funde.swift */ = {isa = PBXFileReference; lastKnownFileType = sourcecode.swift; path = "UIFont+Funde.swift"; sourceTree = "<group>"; };
		A5BFCB2A2FE3C15D008DA1DF /* AboutSettingsViewController.swift */ = {isa = PBXFileReference; lastKnownFileType = sourcecode.swift; path = AboutSettingsViewController.swift; sourceTree = "<group>"; };
		A5BFCB2B2FE3C15D008DA1DF /* AccessibilitySettingsViewController.swift */ = {isa = PBXFileReference; lastKnownFileType = sourcecode.swift; path = AccessibilitySettingsViewController.swift; sourceTree = "<group>"; };
		A5BFCB2C2FE3C15D008DA1DF /* NotificationSettingsViewController.swift */ = {isa = PBXFileReference; lastKnownFileType = sourcecode.swift; path = NotificationSettingsViewController.swift; sourceTree = "<group>"; };
		A5BFCB2D2FE3C15D008DA1DF /* PrivacySettingsViewController.swift */ = {isa = PBXFileReference; lastKnownFileType = sourcecode.swift; path = PrivacySettingsViewController.swift; sourceTree = "<group>"; };
		A5BFCB2E2FE3C15D008DA1DF /* SecuritySettingsViewController.swift */ = {isa = PBXFileReference; lastKnownFileType = sourcecode.swift; path = SecuritySettingsViewController.swift; sourceTree = "<group>"; };
		A5BFCB352FE3C18D008DA1DF /* SettingsToggleCell.swift */ = {isa = PBXFileReference; lastKnownFileType = sourcecode.swift; path = SettingsToggleCell.swift; sourceTree = "<group>"; };
		A7EDC9DBA2C15DAEC992461C /* ChatViewController.swift */ = {isa = PBXFileReference; includeInIndex = 1; lastKnownFileType = sourcecode.swift; name = ChatViewController.swift; path = PL/Message/ChatViewController.swift; sourceTree = "<group>"; };
		A8B0D2D90AC6467582FAAE9C /* MessageRoutes.swift */ = {isa = PBXFileReference; includeInIndex = 1; lastKnownFileType = sourcecode.swift; name = MessageRoutes.swift; path = BLL/Message/MessageRoutes.swift; sourceTree = "<group>"; };
		AFDBED21231D2F368D2F5FA5 /* OAuthCredential.swift */ = {isa = PBXFileReference; includeInIndex = 1; lastKnownFileType = sourcecode.swift; name = OAuthCredential.swift; path = DAL/Networking/OAuthCredential.swift; sourceTree = "<group>"; };
		B1B291D76D4C819D8DB33D00 /* DatabaseManager.swift */ = {isa = PBXFileReference; includeInIndex = 1; lastKnownFileType = sourcecode.swift; name = DatabaseManager.swift; path = DAL/Storage/DatabaseManager.swift; sourceTree = "<group>"; };
		B498405ABB27F6D8377D6064 /* MonitoringPlanViewController.swift */ = {isa = PBXFileReference; includeInIndex = 1; lastKnownFileType = sourcecode.swift; path = MonitoringPlanViewController.swift; sourceTree = "<group>"; };
		B6373F937CC9DA144A80873C /* BluetoothModels.swift */ = {isa = PBXFileReference; includeInIndex = 1; lastKnownFileType = sourcecode.swift; name = BluetoothModels.swift; path = DAL/Bluetooth/BluetoothModels.swift; sourceTree = "<group>"; };
		B7AE47164C661037814AB024 /* Message.swift */ = {isa = PBXFileReference; includeInIndex = 1; lastKnownFileType = sourcecode.swift; name = Message.swift; path = DAL/IM/Message.swift; sourceTree = "<group>"; };
		B8DE397CDF8225D92B0353A0 /* SceneDelegate.swift */ = {isa = PBXFileReference; includeInIndex = 1; lastKnownFileType = sourcecode.swift; name = SceneDelegate.swift; path = Other/SceneDelegate.swift; sourceTree = "<group>"; };
		BA2FD7801043AC641280FAA4 /* PointsViewController.swift */ = {isa = PBXFileReference; includeInIndex = 1; lastKnownFileType = sourcecode.swift; path = PointsViewController.swift; sourceTree = "<group>"; };
		BDFA6D00CF0E1707D0957144 /* MetricRulerView.swift */ = {isa = PBXFileReference; includeInIndex = 1; lastKnownFileType = sourcecode.swift; path = MetricRulerView.swift; sourceTree = "<group>"; };
		C0DFD924CDD4A764ABF604FB /* DALProtocol.swift */ = {isa = PBXFileReference; includeInIndex = 1; lastKnownFileType = sourcecode.swift; name = DALProtocol.swift; path = Other/Common/Protocols/DALProtocol.swift; sourceTree = "<group>"; };
		C363076AE63C6D8EBF4615DB /* HomeQuickActionsCell.swift */ = {isa = PBXFileReference; includeInIndex = 1; lastKnownFileType = sourcecode.swift; path = HomeQuickActionsCell.swift; sourceTree = "<group>"; };
		C585503B59B93311DEC6A839 /* HealthRoutes.swift */ = {isa = PBXFileReference; includeInIndex = 1; lastKnownFileType = sourcecode.swift; name = HealthRoutes.swift; path = BLL/Health/HealthRoutes.swift; sourceTree = "<group>"; };
		CB1061151A764123A448CC1C /* MetricsViewController.swift */ = {isa = PBXFileReference; includeInIndex = 1; lastKnownFileType = sourcecode.swift; path = MetricsViewController.swift; sourceTree = "<group>"; };
		CF09D89100EBE0ABD42544FD /* RongCloudMessageDelegate.swift */ = {isa = PBXFileReference; includeInIndex = 1; lastKnownFileType = sourcecode.swift; name = RongCloudMessageDelegate.swift; path = DAL/IM/RongCloudMessageDelegate.swift; sourceTree = "<group>"; };
		CFFDA4B68A5A8E056326B5DF /* lhjk-client-new.app */ = {isa = PBXFileReference; explicitFileType = wrapper.application; includeInIndex = 0; path = "lhjk-client-new.app"; sourceTree = BUILT_PRODUCTS_DIR; };
		D0727F1AEE4F87CC1D8471BF /* BluetoothService.swift */ = {isa = PBXFileReference; includeInIndex = 1; lastKnownFileType = sourcecode.swift; name = BluetoothService.swift; path = BLL/Health/BluetoothService.swift; sourceTree = "<group>"; };
		D333C32A8805FAD51C4D2820 /* UserDefaultsManager.swift */ = {isa = PBXFileReference; includeInIndex = 1; lastKnownFileType = sourcecode.swift; name = UserDefaultsManager.swift; path = DAL/Storage/UserDefaultsManager.swift; sourceTree = "<group>"; };
		D50703581C623E4254C38209 /* MetricCardCell.swift */ = {isa = PBXFileReference; includeInIndex = 1; lastKnownFileType = sourcecode.swift; name = MetricCardCell.swift; path = PL/Health/MetricCardCell.swift; sourceTree = "<group>"; };
		D5CCFA53EAAFCBA929BF63B5 /* HomeHeroCell.swift */ = {isa = PBXFileReference; includeInIndex = 1; lastKnownFileType = sourcecode.swift; path = HomeHeroCell.swift; sourceTree = "<group>"; };
		D7C3F2FAE5619994A3AA7A46 /* SettingsViewController.swift */ = {isa = PBXFileReference; includeInIndex = 1; lastKnownFileType = sourcecode.swift; path = SettingsViewController.swift; sourceTree = "<group>"; };
		D87802E5D53C4815174A814D /* FuncRowView.swift */ = {isa = PBXFileReference; includeInIndex = 1; lastKnownFileType = sourcecode.swift; path = FuncRowView.swift; sourceTree = "<group>"; };
		DB2F07AA65B496162BCA2DB3 /* Foundation.framework */ = {isa = PBXFileReference; lastKnownFileType = wrapper.framework; name = Foundation.framework; path = Platforms/iPhoneOS.platform/Developer/SDKs/iPhoneOS18.0.sdk/System/Library/Frameworks/Foundation.framework; sourceTree = DEVELOPER_DIR; };
		DCE57F7A320AD8DA12CD7236 /* Assets.xcassets */ = {isa = PBXFileReference; includeInIndex = 1; lastKnownFileType = folder.assetcatalog; name = Assets.xcassets; path = Other/Resources/Assets.xcassets; sourceTree = "<group>"; };
		DD680380E870019FA45DC7C5 /* MembershipViewController.swift */ = {isa = PBXFileReference; includeInIndex = 1; lastKnownFileType = sourcecode.swift; path = MembershipViewController.swift; sourceTree = "<group>"; };
		E2191AA18B75ED1F24719943 /* Pods_lhjk_client_new.framework */ = {isa = PBXFileReference; explicitFileType = wrapper.framework; includeInIndex = 0; path = Pods_lhjk_client_new.framework; sourceTree = BUILT_PRODUCTS_DIR; };
		E2C9738A2B82C009F94EDFE7 /* APIError.swift */ = {isa = PBXFileReference; includeInIndex = 1; lastKnownFileType = sourcecode.swift; name = APIError.swift; path = DAL/Networking/APIError.swift; sourceTree = "<group>"; };
		E4C406B883EDA36A6FBC5C86 /* PlaceholderViewController.swift */ = {isa = PBXFileReference; includeInIndex = 1; lastKnownFileType = sourcecode.swift; name = PlaceholderViewController.swift; path = Other/Common/Base/PlaceholderViewController.swift; sourceTree = "<group>"; };
		E9C2E856DFAEC8757D284064 /* SectionTitleView.swift */ = {isa = PBXFileReference; includeInIndex = 1; lastKnownFileType = sourcecode.swift; path = SectionTitleView.swift; sourceTree = "<group>"; };
		EE076FFD3B924E308E3D26E9 /* BaseNavigationController.swift */ = {isa = PBXFileReference; includeInIndex = 1; lastKnownFileType = sourcecode.swift; name = BaseNavigationController.swift; path = Other/Common/Base/BaseNavigationController.swift; sourceTree = "<group>"; };
		EE6B98583B23B6831E89C159 /* DevicesViewController.swift */ = {isa = PBXFileReference; includeInIndex = 1; lastKnownFileType = sourcecode.swift; path = DevicesViewController.swift; sourceTree = "<group>"; };
		F33F829631DE3DD09B5C6FF3 /* PaymentProtocol.swift */ = {isa = PBXFileReference; includeInIndex = 1; lastKnownFileType = sourcecode.swift; name = PaymentProtocol.swift; path = DAL/Payment/PaymentProtocol.swift; sourceTree = "<group>"; };
		F66310705999D8297D1FE4EF /* HomeTaskCardCell.swift */ = {isa = PBXFileReference; includeInIndex = 1; lastKnownFileType = sourcecode.swift; path = HomeTaskCardCell.swift; sourceTree = "<group>"; };
		F95D4E27E21CB917BA8D97C8 /* DietPlanViewController.swift */ = {isa = PBXFileReference; includeInIndex = 1; lastKnownFileType = sourcecode.swift; path = DietPlanViewController.swift; sourceTree = "<group>"; };
		FE938ED267A4A5BD94207F6E /* RongCloudManager.swift */ = {isa = PBXFileReference; includeInIndex = 1; lastKnownFileType = sourcecode.swift; name = RongCloudManager.swift; path = DAL/IM/RongCloudManager.swift; sourceTree = "<group>"; };
/* End PBXFileReference section */

/* Begin PBXFrameworksBuildPhase section */
		B40898BC193B17F06D4D7238 /* Frameworks */ = {
			isa = PBXFrameworksBuildPhase;
			buildActionMask = 2147483647;
			files = (
				C7908897087E6472C5021E0F /* Foundation.framework in Frameworks */,
				A952E20047557E6F1D7EE0AF /* Pods_lhjk_client_new.framework in Frameworks */,
			);
			runOnlyForDeploymentPostprocessing = 0;
		};
/* End PBXFrameworksBuildPhase section */

/* Begin PBXGroup section */
		0FD3A9E13BDA70689ACE60A8 /* Cells */ = {
			isa = PBXGroup;
			children = (
				D5CCFA53EAAFCBA929BF63B5 /* HomeHeroCell.swift */,
				C363076AE63C6D8EBF4615DB /* HomeQuickActionsCell.swift */,
				545B6FD5E21C779F139D89E5 /* HomeTeamCardCell.swift */,
				F66310705999D8297D1FE4EF /* HomeTaskCardCell.swift */,
				1F1F99A3F53E0201E0382896 /* HomeServiceBannerCell.swift */,
				2BA7A883A92F5B5D981EAD6C /* HomeArticleCell.swift */,
			);
			path = Cells;
			sourceTree = "<group>";
		};
		209982680F814E7623CEE52C /* Networking */ = {
			isa = PBXGroup;
			children = (
				E2C9738A2B82C009F94EDFE7 /* APIError.swift */,
				27CE239FA8FD35C6FAB8017C /* APIManager.swift */,
				2864D2DFAE001AA678A08E54 /* NetworkMonitor.swift */,
				68DC37BCDD618E2DCE9A9D02 /* OAuthAuthenticator.swift */,
				AFDBED21231D2F368D2F5FA5 /* OAuthCredential.swift */,
			);
			name = Networking;
			sourceTree = "<group>";
		};
		310B761F90CB750F32FE3703 /* iOS */ = {
			isa = PBXGroup;
			children = (
				DB2F07AA65B496162BCA2DB3 /* Foundation.framework */,
			);
			name = iOS;
			sourceTree = "<group>";
		};
		33AD0B9BEA61617FD7371544 /* Bluetooth */ = {
			isa = PBXGroup;
			children = (
				5CE8E0C75DF62E92DC4A2681 /* BluetoothManager.swift */,
				B6373F937CC9DA144A80873C /* BluetoothModels.swift */,
			);
			name = Bluetooth;
			sourceTree = "<group>";
		};
		4FBDEA25F6088496CD29930C /* Components */ = {
			isa = PBXGroup;
			children = (
				D87802E5D53C4815174A814D /* FuncRowView.swift */,
				E9C2E856DFAEC8757D284064 /* SectionTitleView.swift */,
				7EAF498F5E583779ABA3E77A /* StageMetricsCardView.swift */,
			);
			path = Components;
			sourceTree = "<group>";
		};
		5BBC7A0F6F458645EB658DDB /* Health */ = {
			isa = PBXGroup;
			children = (
				A5B99BBD2FE148B800D92180 /* Record */,
				A5917D292FDFDD7F00878961 /* Cells */,
				A57D2F102FDBFF13002E43BA /* MetricCardCell.swift */,
				A57D2F152FDBFF13002E43BA /* Metrics */,
				A57D2EFE2FDBBE3B002E43BA /* HealthViewController.swift */,
				7BA15F07EE00BE72C38F6C89 /* PeripheralCell.swift */,
				D50703581C623E4254C38209 /* MetricCardCell.swift */,
			);
			name = Health;
			sourceTree = "<group>";
		};
		701ADE3BAB86A97B058B77F4 /* Report */ = {
			isa = PBXGroup;
			children = (
				8056F0ABC51890F951CC058C /* WeeklyReportCell.swift */,
				A0407478440907A929B00481 /* StageReportCell.swift */,
			);
			path = Report;
			sourceTree = "<group>";
		};
		75BC1DDC53A99376450DD2BB /* Common */ = {
			isa = PBXGroup;
			children = (
				A5917D052FDFC8EF00878961 /* Extensions */,
				DDAC87E5F5CC6A6552A1C7E0 /* Base */,
				F75B1FC9856E71F9A7357649 /* Protocols */,
			);
			name = Common;
			sourceTree = "<group>";
		};
		7ADE6D91D4D97089B9DCA5E5 /* Other */ = {
			isa = PBXGroup;
			children = (
				F32EE9EBD11D7BD9453BE332 /* Resources */,
				5FACC28499C23F3853EBBF10 /* AppDelegate.swift */,
				75BC1DDC53A99376450DD2BB /* Common */,
				4D99515A34B08FA9203F7DFB /* RootTabBarController.swift */,
				B8DE397CDF8225D92B0353A0 /* SceneDelegate.swift */,
			);
			name = Other;
			sourceTree = "<group>";
		};
		80323DB75D4CB2E15619DDBB /* DAL */ = {
			isa = PBXGroup;
			children = (
				33AD0B9BEA61617FD7371544 /* Bluetooth */,
				ECD3693CC57BA01CDA4D232D /* IM */,
				209982680F814E7623CEE52C /* Networking */,
				E5E1602E9BA5702EDCA68A58 /* Payment */,
				EC87C779E7C4829BF736DA19 /* Router */,
				AB60E1C085B7E95FF0E7A20A /* Storage */,
			);
			name = DAL;
			sourceTree = "<group>";
		};
		94707E2D82559898666399B3 /* Frameworks */ = {
			isa = PBXGroup;
			children = (
				310B761F90CB750F32FE3703 /* iOS */,
				E2191AA18B75ED1F24719943 /* Pods_lhjk_client_new.framework */,
			);
			name = Frameworks;
			sourceTree = "<group>";
		};
		A57D2EF92FDBBE00002E43BA /* My */ = {
			isa = PBXGroup;
			children = (
				A5BFCB2F2FE3C15D008DA1DF /* Settings */,
				A5917D322FDFDD9800878961 /* Cells */,
				A57D2EF82FDBBE00002E43BA /* MyViewController.swift */,
				4FBDEA25F6088496CD29930C /* Components */,
				D7C3F2FAE5619994A3AA7A46 /* SettingsViewController.swift */,
				A2DE7CB0CC0F0792F08218E9 /* ProfileViewController.swift */,
				081BA2DBDE01D1406E30170D /* PolicyViewController.swift */,
				619369377609556A6596BEFF /* HealthReportViewController.swift */,
				27EE4ECD3E9C86C039F31E29 /* AppointmentsViewController.swift */,
				EE6B98583B23B6831E89C159 /* DevicesViewController.swift */,
				F95D4E27E21CB917BA8D97C8 /* DietPlanViewController.swift */,
				B498405ABB27F6D8377D6064 /* MonitoringPlanViewController.swift */,
				024BB0505F52EBA8BBB0F6A6 /* HealthEvaluationsViewController.swift */,
				701ADE3BAB86A97B058B77F4 /* Report */,
				EA01A96D629DA43ECA3537FD /* Order */,
				DD680380E870019FA45DC7C5 /* MembershipViewController.swift */,
				BA2FD7801043AC641280FAA4 /* PointsViewController.swift */,
				719AE3975B99859C1D663A23 /* FamilyViewController.swift */,
			);
			name = My;
			path = PL/My;
			sourceTree = "<group>";
		};
		A57D2EFB2FDBBE00002E43BA /* RegisterLogin */ = {
			isa = PBXGroup;
			children = (
				A57D2EFA2FDBBE00002E43BA /* LoginViewController.swift */,
				A5917D0D2FDFD7D000878961 /* ForgotPasswordViewController.swift */,
				FA28A0AC1981B76945C1AD19 /* Components */,
				3E2C1E52BF27D76D4C2DEAEA /* OnboardingViewController.swift */,
			);
			name = RegisterLogin;
			path = PL/RegisterLogin;
			sourceTree = "<group>";
		};
		A57D2F012FDBBE75002E43BA /* Home */ = {
			isa = PBXGroup;
			children = (
				A57D2F002FDBBE75002E43BA /* HomeViewController.swift */,
				0FD3A9E13BDA70689ACE60A8 /* Cells */,
			);
			name = Home;
			path = PL/Home;
			sourceTree = "<group>";
		};
		A57D2F152FDBFF13002E43BA /* Metrics */ = {
			isa = PBXGroup;
			children = (
				A57D2F112FDBFF13002E43BA /* BloodPressureViewController.swift */,
				A57D2F122FDBFF13002E43BA /* BloodSugarViewController.swift */,
				A57D2F132FDBFF13002E43BA /* HeartRateViewController.swift */,
				A57D2F142FDBFF13002E43BA /* WeightViewController.swift */,
				BDFA6D00CF0E1707D0957144 /* MetricRulerView.swift */,
				48F0BFA51617B47B9D5DA86D /* MetricAddViewController.swift */,
				4BD50DDCF0289450DE8869D0 /* SleepViewController.swift */,
				7054846090DC999E8A4AA089 /* SpO2ViewController.swift */,
				13CFE1614483ECDDFB1F6BF7 /* EcgViewController.swift */,
				746F03316488E8B043EE38F1 /* FundusViewController.swift */,
				418F40E80C8DD064F73A6FFE /* DigestiveViewController.swift */,
				78F343524CCA393486B22E8E /* ExerciseFoodViewController.swift */,
				CB1061151A764123A448CC1C /* MetricsViewController.swift */,
			);
			name = Metrics;
			path = PL/Health/Metrics;
			sourceTree = "<group>";
		};
		A57D2F1D2FDC0647002E43BA /* My */ = {
			isa = PBXGroup;
			children = (
				A57D2F1B2FDC0647002E43BA /* MyRoutes.swift */,
			);
			name = My;
			path = BLL/My;
			sourceTree = "<group>";
		};
		A57D2F222FDC0661002E43BA /* RegisterLogin */ = {
			isa = PBXGroup;
			children = (
				A5917D1D2FDFD7FE00878961 /* LoginModels.swift */,
				A5917D1E2FDFD7FE00878961 /* LoginService.swift */,
				A5917D1F2FDFD7FE00878961 /* LoginServiceProtocol.swift */,
				A57D2F202FDC0661002E43BA /* RegisterLoginRoutes.swift */,
			);
			name = RegisterLogin;
			path = BLL/RegisterLogin;
			sourceTree = "<group>";
		};
		A5917CE12FDFA7C000878961 /* Home */ = {
			isa = PBXGroup;
			children = (
				A5917CE02FDFA7C000878961 /* HomeRoutes.swift */,
			);
			name = Home;
			path = BLL/Home;
			sourceTree = "<group>";
		};
		A5917CFA2FDFC8EF00878961 /* DGCharts */ = {
			isa = PBXGroup;
			children = (
				A5917CF92FDFC8EF00878961 /* DGCharts+Theme.swift */,
			);
			path = DGCharts;
			sourceTree = "<group>";
		};
		A5917CFC2FDFC8EF00878961 /* UIButton */ = {
			isa = PBXGroup;
			children = (
				A5917CFB2FDFC8EF00878961 /* UIButton+Funde.swift */,
			);
			path = UIButton;
			sourceTree = "<group>";
		};
		A5917CFF2FDFC8EF00878961 /* UIColor */ = {
			isa = PBXGroup;
			children = (
				A5917CFD2FDFC8EF00878961 /* UIColor+Hex.swift */,
				A5917CFE2FDFC8EF00878961 /* UIColor+Theme.swift */,
			);
			path = UIColor;
			sourceTree = "<group>";
		};
		A5917D022FDFC8EF00878961 /* UIView */ = {
			isa = PBXGroup;
			children = (
				A5917D002FDFC8EF00878961 /* UIView+Layout.swift */,
				A5917D012FDFC8EF00878961 /* UIView+Shadow.swift */,
			);
			path = UIView;
			sourceTree = "<group>";
		};
		A5917D042FDFC8EF00878961 /* UIViewController */ = {
			isa = PBXGroup;
			children = (
				A5917D032FDFC8EF00878961 /* UIViewController+Alert.swift */,
			);
			path = UIViewController;
			sourceTree = "<group>";
		};
		A5917D052FDFC8EF00878961 /* Extensions */ = {
			isa = PBXGroup;
			children = (
				A5BFCA372FE38EF1008DA1DF /* UIFont */,
				A5917CFA2FDFC8EF00878961 /* DGCharts */,
				A5917CFC2FDFC8EF00878961 /* UIButton */,
				A5917CFF2FDFC8EF00878961 /* UIColor */,
				A5917D022FDFC8EF00878961 /* UIView */,
				A5917D042FDFC8EF00878961 /* UIViewController */,
			);
			name = Extensions;
			path = Other/Common/Extensions;
			sourceTree = "<group>";
		};
		A5917D292FDFDD7F00878961 /* Cells */ = {
			isa = PBXGroup;
			children = (
				A5917D252FDFDD7F00878961 /* HealthArchiveCardCell.swift */,
				A5917D262FDFDD7F00878961 /* HealthQuickEntriesCell.swift */,
				A5917D272FDFDD7F00878961 /* HealthScoreCardCell.swift */,
				A5917D282FDFDD7F00878961 /* HealthVitalMetricsCell.swift */,
			);
			name = Cells;
			path = PL/Health/Cells;
			sourceTree = "<group>";
		};
		A5917D322FDFDD9800878961 /* Cells */ = {
			isa = PBXGroup;
			children = (
				A5BFCB352FE3C18D008DA1DF /* SettingsToggleCell.swift */,
				A5917D2E2FDFDD9800878961 /* MeFuncRowCell.swift */,
				A5917D2F2FDFDD9800878961 /* MeMembershipCardCell.swift */,
				A5917D302FDFDD9800878961 /* MeServiceFulfillmentCell.swift */,
				A5917D312FDFDD9800878961 /* MeStatsStripCell.swift */,
			);
			path = Cells;
			sourceTree = "<group>";
		};
		A5917D382FDFFAC300878961 /* Cells */ = {
			isa = PBXGroup;
			children = (
				A5917D372FDFFAC300878961 /* MessageBubbleCell.swift */,
			);
			name = Cells;
			path = PL/Message/Cells;
			sourceTree = "<group>";
		};
		A5B99BBD2FE148B800D92180 /* Record */ = {
			isa = PBXGroup;
			children = (
				A5B99BB42FE148B800D92180 /* BodyFigureView.swift */,
				A5B99BB52FE148B800D92180 /* HealthRecordBodyCardCell.swift */,
				A5B99BB62FE148B800D92180 /* HealthRecordHistoryCell.swift */,
				A5B99BB72FE148B800D92180 /* HealthRecordLifestyleCell.swift */,
				A5B99BB82FE148B800D92180 /* HealthRecordMetricRowCell.swift */,
				A5B99BB92FE148B800D92180 /* HealthRecordModels.swift */,
				A5B99BBA2FE148B800D92180 /* HealthRecordUserInfoCell.swift */,
				A5B99BBB2FE148B800D92180 /* HealthRecordViewController.swift */,
				A5B99BBC2FE148B800D92180 /* RiskBarView.swift */,
			);
			name = Record;
			path = PL/Health/Record;
			sourceTree = "<group>";
		};
		A5BFCA372FE38EF1008DA1DF /* UIFont */ = {
			isa = PBXGroup;
			children = (
				A5BFCA362FE38EF1008DA1DF /* UIFont+Funde.swift */,
			);
			path = UIFont;
			sourceTree = "<group>";
		};
		A5BFCB2F2FE3C15D008DA1DF /* Settings */ = {
			isa = PBXGroup;
			children = (
				A5BFCB2A2FE3C15D008DA1DF /* AboutSettingsViewController.swift */,
				A5BFCB2B2FE3C15D008DA1DF /* AccessibilitySettingsViewController.swift */,
				A5BFCB2C2FE3C15D008DA1DF /* NotificationSettingsViewController.swift */,
				A5BFCB2D2FE3C15D008DA1DF /* PrivacySettingsViewController.swift */,
				A5BFCB2E2FE3C15D008DA1DF /* SecuritySettingsViewController.swift */,
			);
			path = Settings;
			sourceTree = "<group>";
		};
		A987952ACD55240446C185ED /* lhjk-client-new */ = {
			isa = PBXGroup;
			children = (
				7ADE6D91D4D97089B9DCA5E5 /* Other */,
				F652125E9A5F2721ADE9B5ED /* BLL */,
				80323DB75D4CB2E15619DDBB /* DAL */,
				C9BEC10038955A42DC8E640C /* PL */,
			);
			name = "lhjk-client-new";
			sourceTree = "<group>";
		};
		AB60E1C085B7E95FF0E7A20A /* Storage */ = {
			isa = PBXGroup;
			children = (
				B1B291D76D4C819D8DB33D00 /* DatabaseManager.swift */,
				D333C32A8805FAD51C4D2820 /* UserDefaultsManager.swift */,
			);
			name = Storage;
			sourceTree = "<group>";
		};
		AFCB59D26ECFBEF3993DAC61 /* Service */ = {
			isa = PBXGroup;
			children = (
				A57D2F032FDBBEB7002E43BA /* ServiceViewController.swift */,
				7B2F26CCFF4734186BF04A39 /* PaymentViewController.swift */,
				892001FB5FF7399E601EF9C4 /* ServiceListViewController.swift */,
				629C18D65321C9E6BC32BA86 /* HealthMallViewController.swift */,
			);
			name = Service;
			sourceTree = "<group>";
		};
		B64D5D28AFB9110FDD54A8D6 /* Health */ = {
			isa = PBXGroup;
			children = (
				D0727F1AEE4F87CC1D8471BF /* BluetoothService.swift */,
				C585503B59B93311DEC6A839 /* HealthRoutes.swift */,
			);
			name = Health;
			sourceTree = "<group>";
		};
		BD1C29DE9A6C4C86A8F963DE /* Products */ = {
			isa = PBXGroup;
			children = (
				CFFDA4B68A5A8E056326B5DF /* lhjk-client-new.app */,
			);
			name = Products;
			sourceTree = "<group>";
		};
		C3DC88D2B364A6FBD99F1863 /* Pods */ = {
			isa = PBXGroup;
			children = (
				08DA859284D97B48B4305368 /* Pods-lhjk-client-new.release.xcconfig */,
				2726931B7C65F7052CD3282C /* Pods-lhjk-client-new.debug.xcconfig */,
			);
			name = Pods;
			path = ../Pods;
			sourceTree = "<group>";
		};
		C4193BC7FCD37A9D67D93F74 /* Service */ = {
			isa = PBXGroup;
			children = (
				31DDB71613DB8E688C4122B3 /* PaymentService.swift */,
				282C1F0671F2C969561DE1C7 /* ServiceRoutes.swift */,
			);
			name = Service;
			sourceTree = "<group>";
		};
		C827DD6945CC87211F64D8BD /* Message */ = {
			isa = PBXGroup;
			children = (
				A5917D382FDFFAC300878961 /* Cells */,
				A5917D392FDFFAC300878961 /* ConversationCell.swift */,
				A57D2F052FDBBEC8002E43BA /* MessageListViewController.swift */,
				A7EDC9DBA2C15DAEC992461C /* ChatViewController.swift */,
				A4DACDBFFDBFF750E34307AC /* ConversationListViewController.swift */,
			);
			name = Message;
			sourceTree = "<group>";
		};
		C9BEC10038955A42DC8E640C /* PL */ = {
			isa = PBXGroup;
			children = (
				A57D2F012FDBBE75002E43BA /* Home */,
				A57D2EF92FDBBE00002E43BA /* My */,
				A57D2EFB2FDBBE00002E43BA /* RegisterLogin */,
				5BBC7A0F6F458645EB658DDB /* Health */,
				C827DD6945CC87211F64D8BD /* Message */,
				AFCB59D26ECFBEF3993DAC61 /* Service */,
			);
			name = PL;
			sourceTree = "<group>";
		};
		DDAC87E5F5CC6A6552A1C7E0 /* Base */ = {
			isa = PBXGroup;
			children = (
				A5917D232FDFD96D00878961 /* WebViewController.swift */,
				EE076FFD3B924E308E3D26E9 /* BaseNavigationController.swift */,
				7FFA483EDF37CE2D4BEAFA2C /* BaseViewController.swift */,
				E4C406B883EDA36A6FBC5C86 /* PlaceholderViewController.swift */,
			);
			name = Base;
			sourceTree = "<group>";
		};
		E0A9898F5075235D049F4D38 = {
			isa = PBXGroup;
			children = (
				BD1C29DE9A6C4C86A8F963DE /* Products */,
				94707E2D82559898666399B3 /* Frameworks */,
				A987952ACD55240446C185ED /* lhjk-client-new */,
				C3DC88D2B364A6FBD99F1863 /* Pods */,
			);
			sourceTree = "<group>";
		};
		E5E1602E9BA5702EDCA68A58 /* Payment */ = {
			isa = PBXGroup;
			children = (
				6E9969E87449F15762387486 /* AlipayChannel.swift */,
				1064F73BA7453F81F619546E /* PaymentOrder.swift */,
				F33F829631DE3DD09B5C6FF3 /* PaymentProtocol.swift */,
				395140C046B00859321C4B05 /* WechatPayChannel.swift */,
			);
			name = Payment;
			sourceTree = "<group>";
		};
		E6B9AD914CC7A60A01A67483 /* Message */ = {
			isa = PBXGroup;
			children = (
				929B2C07064774594EB5F7EC /* IMService.swift */,
				A8B0D2D90AC6467582FAAE9C /* MessageRoutes.swift */,
			);
			name = Message;
			sourceTree = "<group>";
		};
		EA01A96D629DA43ECA3537FD /* Order */ = {
			isa = PBXGroup;
			children = (
				6B6CEC5F1C6384EFD8D0C047 /* OrderCardCell.swift */,
				0CC32FFF96970D13A3A394E7 /* OrderListViewController.swift */,
			);
			path = Order;
			sourceTree = "<group>";
		};
		EC87C779E7C4829BF736DA19 /* Router */ = {
			isa = PBXGroup;
			children = (
				595A3F9A5793396375B1815B /* Router.swift */,
				218FE8AE56EDAABAC5B6AA72 /* RouteSetup.swift */,
			);
			name = Router;
			sourceTree = "<group>";
		};
		ECD3693CC57BA01CDA4D232D /* IM */ = {
			isa = PBXGroup;
			children = (
				3743DC311DF3858D78351828 /* Conversation.swift */,
				B7AE47164C661037814AB024 /* Message.swift */,
				FE938ED267A4A5BD94207F6E /* RongCloudManager.swift */,
				CF09D89100EBE0ABD42544FD /* RongCloudMessageDelegate.swift */,
			);
			name = IM;
			sourceTree = "<group>";
		};
		F32EE9EBD11D7BD9453BE332 /* Resources */ = {
			isa = PBXGroup;
			children = (
				62E9EC642D4693434806DE88 /* Info.plist */,
				7A38C4AFEC723E4B6C12D675 /* LaunchScreen.storyboard */,
				DCE57F7A320AD8DA12CD7236 /* Assets.xcassets */,
			);
			name = Resources;
			sourceTree = "<group>";
		};
		F652125E9A5F2721ADE9B5ED /* BLL */ = {
			isa = PBXGroup;
			children = (
				A5917CE12FDFA7C000878961 /* Home */,
				A57D2F222FDC0661002E43BA /* RegisterLogin */,
				A57D2F1D2FDC0647002E43BA /* My */,
				B64D5D28AFB9110FDD54A8D6 /* Health */,
				E6B9AD914CC7A60A01A67483 /* Message */,
				C4193BC7FCD37A9D67D93F74 /* Service */,
			);
			name = BLL;
			sourceTree = "<group>";
		};
		F75B1FC9856E71F9A7357649 /* Protocols */ = {
			isa = PBXGroup;
			children = (
				625430E3BA9BF6D9CA97AAE8 /* BLLProtocol.swift */,
				C0DFD924CDD4A764ABF604FB /* DALProtocol.swift */,
				840D488A2D621EED67F49634 /* PLProtocol.swift */,
			);
			name = Protocols;
			sourceTree = "<group>";
		};
		FA28A0AC1981B76945C1AD19 /* Components */ = {
			isa = PBXGroup;
			children = (
				A5917D0F2FDFD7E500878961 /* AgreementCheckboxView.swift */,
				A5917D102FDFD7E500878961 /* CaptchaVerifyView.swift */,
				A5917D112FDFD7E500878961 /* NotificationGuideView.swift */,
				A5917D122FDFD7E500878961 /* PhoneBindingView.swift */,
				A5917D132FDFD7E500878961 /* PrivacyPromptView.swift */,
				A5917D142FDFD7E500878961 /* VerifyCodeButton.swift */,
				5A664F4EB7478EC69CC8B7C6 /* BrandHeaderView.swift */,
				7D7AD8DF0E1609567B12918C /* LoginFieldView.swift */,
				8B273E85E9AF9070DCE471A1 /* OptionChipView.swift */,
			);
			path = Components;
			sourceTree = "<group>";
		};
/* End PBXGroup section */

/* Begin PBXNativeTarget section */
		2886FCA988A17B6375F85A64 /* lhjk-client-new */ = {
			isa = PBXNativeTarget;
			buildConfigurationList = 3BAC57AFAAC5045F42F718F3 /* Build configuration list for PBXNativeTarget "lhjk-client-new" */;
			buildPhases = (
				F55478F0DA8F4367E801C506 /* [CP] Check Pods Manifest.lock */,
				87E7148BBFE47DF0C0E3C4AF /* Sources */,
				B40898BC193B17F06D4D7238 /* Frameworks */,
				2974982679BFCF549F5FFC85 /* Resources */,
				86AAD0ABF411C9CC8B5AA507 /* [CP] Embed Pods Frameworks */,
				4FF9C782B676F1DE62EABBD4 /* [CP] Copy Pods Resources */,
			);
			buildRules = (
			);
			dependencies = (
			);
			name = "lhjk-client-new";
			productName = "lhjk-client-new";
			productReference = CFFDA4B68A5A8E056326B5DF /* lhjk-client-new.app */;
			productType = "com.apple.product-type.application";
		};
/* End PBXNativeTarget section */

/* Begin PBXProject section */
		3AA8AE83460C4488C01D0297 /* Project object */ = {
			isa = PBXProject;
			attributes = {
				LastSwiftUpdateCheck = 1600;
				LastUpgradeCheck = 1600;
				TargetAttributes = {
					2886FCA988A17B6375F85A64 = {
						ProvisioningStyle = Automatic;
					};
				};
			};
			buildConfigurationList = 9FC2C23B1BFF795E2B7C527B /* Build configuration list for PBXProject "lhjk-client-new" */;
			compatibilityVersion = "Xcode 3.2";
			developmentRegion = en;
			hasScannedForEncodings = 0;
			knownRegions = (
				en,
				Base,
			);
			mainGroup = E0A9898F5075235D049F4D38;
			productRefGroup = BD1C29DE9A6C4C86A8F963DE /* Products */;
			projectDirPath = "";
			projectRoot = "";
			targets = (
				2886FCA988A17B6375F85A64 /* lhjk-client-new */,
			);
		};
/* End PBXProject section */

/* Begin PBXResourcesBuildPhase section */
		2974982679BFCF549F5FFC85 /* Resources */ = {
			isa = PBXResourcesBuildPhase;
			buildActionMask = 2147483647;
			files = (
				A3AADC4D6DF2A11DC4DA077F /* LaunchScreen.storyboard in Resources */,
				D5A7A19BFB9910F4E8AD2FCD /* Assets.xcassets in Resources */,
			);
			runOnlyForDeploymentPostprocessing = 0;
		};
/* End PBXResourcesBuildPhase section */

/* Begin PBXShellScriptBuildPhase section */
		4FF9C782B676F1DE62EABBD4 /* [CP] Copy Pods Resources */ = {
			isa = PBXShellScriptBuildPhase;
			buildActionMask = 2147483647;
			files = (
			);
			inputPaths = (
				"${PODS_ROOT}/Target Support Files/Pods-lhjk-client-new/Pods-lhjk-client-new-resources.sh",
				"${PODS_ROOT}/RongCloudIM/RongCloudIM/RongCloud.bundle",
				"${PODS_ROOT}/RongCloudIM/RongCloudIM/en.lproj",
				"${PODS_ROOT}/RongCloudIM/RongCloudIM/zh-Hans.lproj",
				"${PODS_ROOT}/RongCloudIM/RongCloudIM/ar.lproj",
				"${PODS_ROOT}/RongCloudIM/RongCloudIM/Emoji.plist",
				"${PODS_ROOT}/RongCloudIM/RongCloudIM/RCColor.plist",
				"${PODS_ROOT}/RongCloudIM/RongCloudIM/RCConfig.plist",
				"${PODS_ROOT}/RongCloudIM/RongCloudIM/RongSticker.bundle",
			);
			name = "[CP] Copy Pods Resources";
			outputPaths = (
				"${TARGET_BUILD_DIR}/${UNLOCALIZED_RESOURCES_FOLDER_PATH}/RongCloud.bundle",
				"${TARGET_BUILD_DIR}/${UNLOCALIZED_RESOURCES_FOLDER_PATH}/en.lproj",
				"${TARGET_BUILD_DIR}/${UNLOCALIZED_RESOURCES_FOLDER_PATH}/zh-Hans.lproj",
				"${TARGET_BUILD_DIR}/${UNLOCALIZED_RESOURCES_FOLDER_PATH}/ar.lproj",
				"${TARGET_BUILD_DIR}/${UNLOCALIZED_RESOURCES_FOLDER_PATH}/Emoji.plist",
				"${TARGET_BUILD_DIR}/${UNLOCALIZED_RESOURCES_FOLDER_PATH}/RCColor.plist",
				"${TARGET_BUILD_DIR}/${UNLOCALIZED_RESOURCES_FOLDER_PATH}/RCConfig.plist",
				"${TARGET_BUILD_DIR}/${UNLOCALIZED_RESOURCES_FOLDER_PATH}/RongSticker.bundle",
			);
			runOnlyForDeploymentPostprocessing = 0;
			shellPath = /bin/sh;
			shellScript = "\"${PODS_ROOT}/Target Support Files/Pods-lhjk-client-new/Pods-lhjk-client-new-resources.sh\"\n";
			showEnvVarsInLog = 0;
		};
		86AAD0ABF411C9CC8B5AA507 /* [CP] Embed Pods Frameworks */ = {
			isa = PBXShellScriptBuildPhase;
			buildActionMask = 2147483647;
			files = (
			);
			inputPaths = (
				"${PODS_ROOT}/Target Support Files/Pods-lhjk-client-new/Pods-lhjk-client-new-frameworks.sh",
				"${BUILT_PRODUCTS_DIR}/Alamofire/Alamofire.framework",
				"${BUILT_PRODUCTS_DIR}/DGCharts/DGCharts.framework",
				"${BUILT_PRODUCTS_DIR}/FMDB/FMDB.framework",
				"${BUILT_PRODUCTS_DIR}/Kingfisher/Kingfisher.framework",
				"${BUILT_PRODUCTS_DIR}/SnapKit/SnapKit.framework",
				"${PODS_XCFRAMEWORKS_BUILD_DIR}/RongCloudIM/ChatRoom/RongChatRoom.framework/RongChatRoom",
				"${PODS_XCFRAMEWORKS_BUILD_DIR}/RongCloudIM/ContactCard/RongContactCard.framework/RongContactCard",
				"${PODS_XCFRAMEWORKS_BUILD_DIR}/RongCloudIM/CustomerService/RongCustomerService.framework/RongCustomerService",
				"${PODS_XCFRAMEWORKS_BUILD_DIR}/RongCloudIM/Discussion/RongDiscussion.framework/RongDiscussion",
				"${PODS_XCFRAMEWORKS_BUILD_DIR}/RongCloudIM/IMKit/RongIMKit.framework/RongIMKit",
				"${PODS_XCFRAMEWORKS_BUILD_DIR}/RongCloudIM/IMLib/RongIMLib.framework/RongIMLib",
				"${PODS_XCFRAMEWORKS_BUILD_DIR}/RongCloudIM/IMLibCore/RongIMLibCore.framework/RongIMLibCore",
				"${PODS_XCFRAMEWORKS_BUILD_DIR}/RongCloudIM/Location/RongLocation.framework/RongLocation",
				"${PODS_XCFRAMEWORKS_BUILD_DIR}/RongCloudIM/LocationKit/RongLocationKit.framework/RongLocationKit",
				"${PODS_XCFRAMEWORKS_BUILD_DIR}/RongCloudIM/PublicService/RongPublicService.framework/RongPublicService",
				"${PODS_XCFRAMEWORKS_BUILD_DIR}/RongCloudIM/RongSticker/RongSticker.framework/RongSticker",
				"${PODS_XCFRAMEWORKS_BUILD_DIR}/RongCloudIM/Sight/RongSight.framework/RongSight",
			);
			name = "[CP] Embed Pods Frameworks";
			outputPaths = (
				"${TARGET_BUILD_DIR}/${FRAMEWORKS_FOLDER_PATH}/Alamofire.framework",
				"${TARGET_BUILD_DIR}/${FRAMEWORKS_FOLDER_PATH}/DGCharts.framework",
				"${TARGET_BUILD_DIR}/${FRAMEWORKS_FOLDER_PATH}/FMDB.framework",
				"${TARGET_BUILD_DIR}/${FRAMEWORKS_FOLDER_PATH}/Kingfisher.framework",
				"${TARGET_BUILD_DIR}/${FRAMEWORKS_FOLDER_PATH}/SnapKit.framework",
				"${TARGET_BUILD_DIR}/${FRAMEWORKS_FOLDER_PATH}/RongChatRoom.framework",
				"${TARGET_BUILD_DIR}/${FRAMEWORKS_FOLDER_PATH}/RongContactCard.framework",
				"${TARGET_BUILD_DIR}/${FRAMEWORKS_FOLDER_PATH}/RongCustomerService.framework",
				"${TARGET_BUILD_DIR}/${FRAMEWORKS_FOLDER_PATH}/RongDiscussion.framework",
				"${TARGET_BUILD_DIR}/${FRAMEWORKS_FOLDER_PATH}/RongIMKit.framework",
				"${TARGET_BUILD_DIR}/${FRAMEWORKS_FOLDER_PATH}/RongIMLib.framework",
				"${TARGET_BUILD_DIR}/${FRAMEWORKS_FOLDER_PATH}/RongIMLibCore.framework",
				"${TARGET_BUILD_DIR}/${FRAMEWORKS_FOLDER_PATH}/RongLocation.framework",
				"${TARGET_BUILD_DIR}/${FRAMEWORKS_FOLDER_PATH}/RongLocationKit.framework",
				"${TARGET_BUILD_DIR}/${FRAMEWORKS_FOLDER_PATH}/RongPublicService.framework",
				"${TARGET_BUILD_DIR}/${FRAMEWORKS_FOLDER_PATH}/RongSticker.framework",
				"${TARGET_BUILD_DIR}/${FRAMEWORKS_FOLDER_PATH}/RongSight.framework",
			);
			runOnlyForDeploymentPostprocessing = 0;
			shellPath = /bin/sh;
			shellScript = "\"${PODS_ROOT}/Target Support Files/Pods-lhjk-client-new/Pods-lhjk-client-new-frameworks.sh\"\n";
			showEnvVarsInLog = 0;
		};
		F55478F0DA8F4367E801C506 /* [CP] Check Pods Manifest.lock */ = {
			isa = PBXShellScriptBuildPhase;
			buildActionMask = 2147483647;
			files = (
			);
			inputFileListPaths = (
			);
			inputPaths = (
				"${PODS_PODFILE_DIR_PATH}/Podfile.lock",
				"${PODS_ROOT}/Manifest.lock",
			);
			name = "[CP] Check Pods Manifest.lock";
			outputFileListPaths = (
			);
			outputPaths = (
				"$(DERIVED_FILE_DIR)/Pods-lhjk-client-new-checkManifestLockResult.txt",
			);
			runOnlyForDeploymentPostprocessing = 0;
			shellPath = /bin/sh;
			shellScript = "diff \"${PODS_PODFILE_DIR_PATH}/Podfile.lock\" \"${PODS_ROOT}/Manifest.lock\" > /dev/null\nif [ $? != 0 ] ; then\n    # print error to STDERR\n    echo \"error: The sandbox is not in sync with the Podfile.lock. Run 'pod install' or update your CocoaPods installation.\" >&2\n    exit 1\nfi\n# This output is used by Xcode 'outputs' to avoid re-running this script phase.\necho \"SUCCESS\" > \"${SCRIPT_OUTPUT_FILE_0}\"\n";
			showEnvVarsInLog = 0;
		};
/* End PBXShellScriptBuildPhase section */

/* Begin PBXSourcesBuildPhase section */
		87E7148BBFE47DF0C0E3C4AF /* Sources */ = {
			isa = PBXSourcesBuildPhase;
			buildActionMask = 2147483647;
			files = (
				B2D6B218F3BB303CD7571664 /* BluetoothService.swift in Sources */,
				A5917D242FDFD96D00878961 /* WebViewController.swift in Sources */,
				EF81F5EA5B41E6A3D6AD7317 /* IMService.swift in Sources */,
				8DC19885FA8CBC4AD853552E /* PaymentService.swift in Sources */,
				A5917D202FDFD7FE00878961 /* LoginService.swift in Sources */,
				A5917D212FDFD7FE00878961 /* LoginModels.swift in Sources */,
				A5917D222FDFD7FE00878961 /* LoginServiceProtocol.swift in Sources */,
				0EE2E6B7960C05819866D0E1 /* BluetoothManager.swift in Sources */,
				5E7531B1805BDFC74CD1F8CB /* BluetoothModels.swift in Sources */,
				1694DDA9C65C92BEE8B3AA7B /* Conversation.swift in Sources */,
				A5B99BBE2FE148B800D92180 /* HealthRecordModels.swift in Sources */,
				A5B99BBF2FE148B800D92180 /* BodyFigureView.swift in Sources */,
				A5B99BC02FE148B800D92180 /* HealthRecordUserInfoCell.swift in Sources */,
				A5B99BC12FE148B800D92180 /* HealthRecordHistoryCell.swift in Sources */,
				A5B99BC22FE148B800D92180 /* RiskBarView.swift in Sources */,
				A5B99BC32FE148B800D92180 /* HealthRecordBodyCardCell.swift in Sources */,
				A5B99BC42FE148B800D92180 /* HealthRecordLifestyleCell.swift in Sources */,
				A5B99BC52FE148B800D92180 /* HealthRecordMetricRowCell.swift in Sources */,
				A5B99BC62FE148B800D92180 /* HealthRecordViewController.swift in Sources */,
				880D3EEECACFBB9A6791AB14 /* Message.swift in Sources */,
				A5917D3A2FDFFAC300878961 /* MessageBubbleCell.swift in Sources */,
				A5917D3B2FDFFAC300878961 /* ConversationCell.swift in Sources */,
				B3900106696EDAEC01403D9D /* RongCloudManager.swift in Sources */,
				B92F96EB8F6DADF4562EA642 /* RongCloudMessageDelegate.swift in Sources */,
				43464FED90F9F0DFF7F7CADB /* APIError.swift in Sources */,
				0D9CCCF8E6DF5482A9FACDF0 /* APIManager.swift in Sources */,
				CC5AFA75E6FC57E098F3107B /* NetworkMonitor.swift in Sources */,
				1406F12781B85941BC234E2B /* OAuthAuthenticator.swift in Sources */,
				9F5D324E0D90EB682A0A77B4 /* OAuthCredential.swift in Sources */,
				D0C0F9A29B4ED9D6FB4A6C01 /* AlipayChannel.swift in Sources */,
				D97D86F91B5A3A4D1C22DDC3 /* PaymentOrder.swift in Sources */,
				2AB37F19E9E9BA0DCE4E2FF9 /* PaymentProtocol.swift in Sources */,
				B0BC602D83CB797AB66DFE1F /* WechatPayChannel.swift in Sources */,
				A57D2F042FDBBEB7002E43BA /* ServiceViewController.swift in Sources */,
				8E749A7845EBA8C07946E821 /* Router.swift in Sources */,
				A5917D2A2FDFDD7F00878961 /* HealthQuickEntriesCell.swift in Sources */,
				A5917D2B2FDFDD7F00878961 /* HealthArchiveCardCell.swift in Sources */,
				A5917D2C2FDFDD7F00878961 /* HealthScoreCardCell.swift in Sources */,
				A5917D2D2FDFDD7F00878961 /* HealthVitalMetricsCell.swift in Sources */,
				05433145BBE114CF0C1DC08A /* DatabaseManager.swift in Sources */,
				31C52A8BD36FA64D4C32B098 /* UserDefaultsManager.swift in Sources */,
				A97FF7EF73364502F99C2EC4 /* AppDelegate.swift in Sources */,
				7FD06195AE16D4FD3861568B /* BaseNavigationController.swift in Sources */,
				A5917D062FDFC8EF00878961 /* UIColor+Hex.swift in Sources */,
				A5917D072FDFC8EF00878961 /* UIViewController+Alert.swift in Sources */,
				A5917D082FDFC8EF00878961 /* UIView+Shadow.swift in Sources */,
				A5917D332FDFDD9800878961 /* MeServiceFulfillmentCell.swift in Sources */,
				A5917D342FDFDD9800878961 /* MeFuncRowCell.swift in Sources */,
				A5BFCB362FE3C18D008DA1DF /* SettingsToggleCell.swift in Sources */,
				A5917D352FDFDD9800878961 /* MeStatsStripCell.swift in Sources */,
				A5917D362FDFDD9800878961 /* MeMembershipCardCell.swift in Sources */,
				A5917D092FDFC8EF00878961 /* UIView+Layout.swift in Sources */,
				A5917D0A2FDFC8EF00878961 /* UIColor+Theme.swift in Sources */,
				A5917D0B2FDFC8EF00878961 /* UIButton+Funde.swift in Sources */,
				A5917D0C2FDFC8EF00878961 /* DGCharts+Theme.swift in Sources */,
				678D746E713E617DA4218CF8 /* BaseViewController.swift in Sources */,
				A57D2F062FDBBEC8002E43BA /* MessageListViewController.swift in Sources */,
				E9F251651FF71AEBC2DF03F3 /* BLLProtocol.swift in Sources */,
				023299BEDDBAE0D022B08E7B /* DALProtocol.swift in Sources */,
				A5917D162FDFD7E500878961 /* PrivacyPromptView.swift in Sources */,
				A5917D182FDFD7E500878961 /* NotificationGuideView.swift in Sources */,
				A5917D192FDFD7E500878961 /* PhoneBindingView.swift in Sources */,
				A5917D1A2FDFD7E500878961 /* CaptchaVerifyView.swift in Sources */,
				A5917D1B2FDFD7E500878961 /* VerifyCodeButton.swift in Sources */,
				A5917D1C2FDFD7E500878961 /* AgreementCheckboxView.swift in Sources */,
				A57D2F242FDC0661002E43BA /* RegisterLoginRoutes.swift in Sources */,
				A57D2EFC2FDBBE00002E43BA /* MyViewController.swift in Sources */,
				A57D2EFD2FDBBE00002E43BA /* LoginViewController.swift in Sources */,
				59AB481874792A6D2327D4DB /* PLProtocol.swift in Sources */,
				C8C2F63AA4929D219BE2AE0C /* RootTabBarController.swift in Sources */,
				625D4BF5B8323C4730A5B48E /* SceneDelegate.swift in Sources */,
				85D1EAC623198A9F60F786E0 /* PeripheralCell.swift in Sources */,
				A57D2F022FDBBE75002E43BA /* HomeViewController.swift in Sources */,
				1573E68259A66AD868AFD131 /* ChatViewController.swift in Sources */,
				B9EFCF3E657E0B1117AEF7E2 /* ConversationListViewController.swift in Sources */,
				A57D2EFF2FDBBE3B002E43BA /* HealthViewController.swift in Sources */,
				1EE2121358C8F93652FC103C /* PaymentViewController.swift in Sources */,
				FC144619EF2E5B9C0F8CAC47 /* BrandHeaderView.swift in Sources */,
				4F7369070CC43FA996104A94 /* LoginFieldView.swift in Sources */,
				D37E9CD6CE58F539A8D8DBFB /* FuncRowView.swift in Sources */,
				0EDC5622BF3A0A37E849F288 /* SectionTitleView.swift in Sources */,
				33DDECBC677E7E50B96C3779 /* SettingsViewController.swift in Sources */,
				8B8C09E1713C1F6FC5A641CA /* ProfileViewController.swift in Sources */,
				0DF3EEBD3CBD7D3B5436CB24 /* PolicyViewController.swift in Sources */,
				4D3B9FC870DC051DB24DD8F6 /* HealthReportViewController.swift in Sources */,
				7B46EF5C3CB00C67C3413246 /* AppointmentsViewController.swift in Sources */,
				B071816CF85673E86ECBF759 /* DevicesViewController.swift in Sources */,
				B270B847530087B6D64A4B03 /* DietPlanViewController.swift in Sources */,
				4A75427BA911A7B10D4DDE6E /* MonitoringPlanViewController.swift in Sources */,
				8449BE1294FC1603412521D4 /* HealthEvaluationsViewController.swift in Sources */,
				D0DF85E8760C6773E9B32743 /* RouteSetup.swift in Sources */,
				A57D2F162FDBFF13002E43BA /* BloodPressureViewController.swift in Sources */,
				A57D2F172FDBFF13002E43BA /* HeartRateViewController.swift in Sources */,
				A57D2F182FDBFF13002E43BA /* BloodSugarViewController.swift in Sources */,
				A57D2F192FDBFF13002E43BA /* WeightViewController.swift in Sources */,
				A57D2F1A2FDBFF13002E43BA /* MetricCardCell.swift in Sources */,
				D4D3CF9A74172D4C53A40241 /* PlaceholderViewController.swift in Sources */,
				E7E5276C54E35414EB42377A /* HealthRoutes.swift in Sources */,
				A5BFCA382FE38EF1008DA1DF /* UIFont+Funde.swift in Sources */,
				A5BFCB302FE3C15D008DA1DF /* AccessibilitySettingsViewController.swift in Sources */,
				A5BFCB312FE3C15D008DA1DF /* AboutSettingsViewController.swift in Sources */,
				A5BFCB322FE3C15D008DA1DF /* PrivacySettingsViewController.swift in Sources */,
				A5BFCB332FE3C15D008DA1DF /* SecuritySettingsViewController.swift in Sources */,
				A5BFCB342FE3C15D008DA1DF /* NotificationSettingsViewController.swift in Sources */,
				27260D21123BF37DC03CD18F /* MetricRulerView.swift in Sources */,
				62628470BAE98A14205557DD /* MetricAddViewController.swift in Sources */,
				BE14F14A358741BB99BE0FFA /* MetricsViewController.swift in Sources */,
				342788F37504E84D0A004D5E /* SleepViewController.swift in Sources */,
				7568562CC69E30C273DCAF3A /* SpO2ViewController.swift in Sources */,
				0A509A5F93C44346FA943249 /* EcgViewController.swift in Sources */,
				A5917CE22FDFA7C000878961 /* HomeRoutes.swift in Sources */,
				DA0FC023460D3BD196E8DE73 /* FundusViewController.swift in Sources */,
				BB7DEF26F4B9703D4AF29861 /* DigestiveViewController.swift in Sources */,
				E11C466E9195539DC2B9C064 /* ExerciseFoodViewController.swift in Sources */,
				A57D2F1E2FDC0647002E43BA /* MyRoutes.swift in Sources */,
				2EA1671EACE2C23AF10A0DDF /* HomeHeroCell.swift in Sources */,
				B4E6835B6A7B7B08AED3294E /* HomeQuickActionsCell.swift in Sources */,
				1EE4690D0E179DD18C481D76 /* HomeTeamCardCell.swift in Sources */,
				86A90CFE9F2E03462DACDD60 /* HomeTaskCardCell.swift in Sources */,
				BB1E36BDFE3D72E20FBEDCF0 /* HomeServiceBannerCell.swift in Sources */,
				A5917D0E2FDFD7D000878961 /* ForgotPasswordViewController.swift in Sources */,
				F1DE89B1375768770C1F498F /* HomeArticleCell.swift in Sources */,
				C93572D0D1BE419981086975 /* MessageRoutes.swift in Sources */,
				BF95CF00169880173A78BDF8 /* MetricCardCell.swift in Sources */,
				9B3BD71652518F27624BD396 /* StageMetricsCardView.swift in Sources */,
				3E3A18231BB2871AEBFFBA7B /* WeeklyReportCell.swift in Sources */,
				5648A1F17004E9968A7F96E4 /* StageReportCell.swift in Sources */,
				18D56CDA5128C0C654896D46 /* OptionChipView.swift in Sources */,
				9A248986A42446AB3705EC31 /* OnboardingViewController.swift in Sources */,
				CBDE3CB76555F2D48F79ADC9 /* OrderCardCell.swift in Sources */,
				BA0FFADEEC815606D73DFCBF /* OrderListViewController.swift in Sources */,
				E2B789D15CA89A4157DC0C35 /* MembershipViewController.swift in Sources */,
				FC5E44818A63C1C164911BDB /* PointsViewController.swift in Sources */,
				8D68B8774B8EA704796D6F1A /* FamilyViewController.swift in Sources */,
				631F39830B0FACBBF98B6C6F /* ServiceRoutes.swift in Sources */,
				7A8B706AA025C5FAC1433DA9 /* ServiceListViewController.swift in Sources */,
				68F481056F1B78EE61CC78F8 /* HealthMallViewController.swift in Sources */,
			);
			runOnlyForDeploymentPostprocessing = 0;
		};
/* End PBXSourcesBuildPhase section */

/* Begin XCBuildConfiguration section */
		30C32F168E07E66A6DF9E746 /* Debug */ = {
			isa = XCBuildConfiguration;
			buildSettings = {
				ALWAYS_SEARCH_USER_PATHS = NO;
				CLANG_ANALYZER_NONNULL = YES;
				CLANG_ANALYZER_NUMBER_OBJECT_CONVERSION = YES_AGGRESSIVE;
				CLANG_CXX_LANGUAGE_STANDARD = "gnu++14";
				CLANG_CXX_LIBRARY = "libc++";
				CLANG_ENABLE_MODULES = YES;
				CLANG_ENABLE_OBJC_ARC = YES;
				CLANG_ENABLE_OBJC_WEAK = YES;
				CLANG_WARN_BLOCK_CAPTURE_AUTORELEASING = YES;
				CLANG_WARN_BOOL_CONVERSION = YES;
				CLANG_WARN_COMMA = YES;
				CLANG_WARN_CONSTANT_CONVERSION = YES;
				CLANG_WARN_DEPRECATED_OBJC_IMPLEMENTATIONS = YES;
				CLANG_WARN_DIRECT_OBJC_ISA_USAGE = YES_ERROR;
				CLANG_WARN_DOCUMENTATION_COMMENTS = YES;
				CLANG_WARN_EMPTY_BODY = YES;
				CLANG_WARN_ENUM_CONVERSION = YES;
				CLANG_WARN_INFINITE_RECURSION = YES;
				CLANG_WARN_INT_CONVERSION = YES;
				CLANG_WARN_NON_LITERAL_NULL_CONVERSION = YES;
				CLANG_WARN_OBJC_IMPLICIT_RETAIN_SELF = YES;
				CLANG_WARN_OBJC_LITERAL_CONVERSION = YES;
				CLANG_WARN_OBJC_ROOT_CLASS = YES_ERROR;
				CLANG_WARN_QUOTED_INCLUDE_IN_FRAMEWORK_HEADER = YES;
				CLANG_WARN_RANGE_LOOP_ANALYSIS = YES;
				CLANG_WARN_STRICT_PROTOTYPES = YES;
				CLANG_WARN_SUSPICIOUS_MOVE = YES;
				CLANG_WARN_UNGUARDED_AVAILABILITY = YES_AGGRESSIVE;
				CLANG_WARN_UNREACHABLE_CODE = YES;
				CLANG_WARN__DUPLICATE_METHOD_MATCH = YES;
				COPY_PHASE_STRIP = NO;
				DEBUG_INFORMATION_FORMAT = dwarf;
				ENABLE_STRICT_OBJC_MSGSEND = YES;
				ENABLE_TESTABILITY = YES;
				GCC_C_LANGUAGE_STANDARD = gnu11;
				GCC_DYNAMIC_NO_PIC = NO;
				GCC_NO_COMMON_BLOCKS = YES;
				GCC_OPTIMIZATION_LEVEL = 0;
				GCC_PREPROCESSOR_DEFINITIONS = (
					"DEBUG=1",
					"$(inherited)",
				);
				GCC_WARN_64_TO_32_BIT_CONVERSION = YES;
				GCC_WARN_ABOUT_RETURN_TYPE = YES_ERROR;
				GCC_WARN_UNDECLARED_SELECTOR = YES;
				GCC_WARN_UNINITIALIZED_AUTOS = YES_AGGRESSIVE;
				GCC_WARN_UNUSED_FUNCTION = YES;
				GCC_WARN_UNUSED_VARIABLE = YES;
				MTL_ENABLE_DEBUG_INFO = INCLUDE_SOURCE;
				MTL_FAST_MATH = YES;
				ONLY_ACTIVE_ARCH = YES;
				PRODUCT_NAME = "$(TARGET_NAME)";
				SWIFT_ACTIVE_COMPILATION_CONDITIONS = DEBUG;
				SWIFT_OPTIMIZATION_LEVEL = "-Onone";
				SWIFT_VERSION = 5.0;
			};
			name = Debug;
		};
		3C25C642BB4724DC14038F01 /* Release */ = {
			isa = XCBuildConfiguration;
			buildSettings = {
				ALWAYS_SEARCH_USER_PATHS = NO;
				CLANG_ANALYZER_NONNULL = YES;
				CLANG_ANALYZER_NUMBER_OBJECT_CONVERSION = YES_AGGRESSIVE;
				CLANG_CXX_LANGUAGE_STANDARD = "gnu++14";
				CLANG_CXX_LIBRARY = "libc++";
				CLANG_ENABLE_MODULES = YES;
				CLANG_ENABLE_OBJC_ARC = YES;
				CLANG_ENABLE_OBJC_WEAK = YES;
				CLANG_WARN_BLOCK_CAPTURE_AUTORELEASING = YES;
				CLANG_WARN_BOOL_CONVERSION = YES;
				CLANG_WARN_COMMA = YES;
				CLANG_WARN_CONSTANT_CONVERSION = YES;
				CLANG_WARN_DEPRECATED_OBJC_IMPLEMENTATIONS = YES;
				CLANG_WARN_DIRECT_OBJC_ISA_USAGE = YES_ERROR;
				CLANG_WARN_DOCUMENTATION_COMMENTS = YES;
				CLANG_WARN_EMPTY_BODY = YES;
				CLANG_WARN_ENUM_CONVERSION = YES;
				CLANG_WARN_INFINITE_RECURSION = YES;
				CLANG_WARN_INT_CONVERSION = YES;
				CLANG_WARN_NON_LITERAL_NULL_CONVERSION = YES;
				CLANG_WARN_OBJC_IMPLICIT_RETAIN_SELF = YES;
				CLANG_WARN_OBJC_LITERAL_CONVERSION = YES;
				CLANG_WARN_OBJC_ROOT_CLASS = YES_ERROR;
				CLANG_WARN_QUOTED_INCLUDE_IN_FRAMEWORK_HEADER = YES;
				CLANG_WARN_RANGE_LOOP_ANALYSIS = YES;
				CLANG_WARN_STRICT_PROTOTYPES = YES;
				CLANG_WARN_SUSPICIOUS_MOVE = YES;
				CLANG_WARN_UNGUARDED_AVAILABILITY = YES_AGGRESSIVE;
				CLANG_WARN_UNREACHABLE_CODE = YES;
				CLANG_WARN__DUPLICATE_METHOD_MATCH = YES;
				COPY_PHASE_STRIP = NO;
				DEBUG_INFORMATION_FORMAT = "dwarf-with-dsym";
				ENABLE_NS_ASSERTIONS = NO;
				ENABLE_STRICT_OBJC_MSGSEND = YES;
				GCC_C_LANGUAGE_STANDARD = gnu11;
				GCC_NO_COMMON_BLOCKS = YES;
				GCC_WARN_64_TO_32_BIT_CONVERSION = YES;
				GCC_WARN_ABOUT_RETURN_TYPE = YES_ERROR;
				GCC_WARN_UNDECLARED_SELECTOR = YES;
				GCC_WARN_UNINITIALIZED_AUTOS = YES_AGGRESSIVE;
				GCC_WARN_UNUSED_FUNCTION = YES;
				GCC_WARN_UNUSED_VARIABLE = YES;
				MTL_ENABLE_DEBUG_INFO = NO;
				MTL_FAST_MATH = YES;
				PRODUCT_NAME = "$(TARGET_NAME)";
				SWIFT_OPTIMIZATION_LEVEL = "-Owholemodule";
				SWIFT_VERSION = 5.0;
			};
			name = Release;
		};
		5CF9197E0D00704899D05663 /* Release */ = {
			isa = XCBuildConfiguration;
			baseConfigurationReference = 08DA859284D97B48B4305368 /* Pods-lhjk-client-new.release.xcconfig */;
			buildSettings = {
				ASSETCATALOG_COMPILER_APPICON_NAME = AppIcon;
				ASSETCATALOG_COMPILER_GLOBAL_ACCENT_COLOR_NAME = AccentColor;
				CLANG_ENABLE_OBJC_WEAK = NO;
				CODE_SIGN_STYLE = Automatic;
				ENABLE_DEBUG_DYLIB = NO;
				GENERATE_INFOPLIST_FILE = NO;
				INFOPLIST_FILE = Other/Resources/Info.plist;
				INFOPLIST_KEY_UILaunchStoryboardName = LaunchScreen;
				IPHONEOS_DEPLOYMENT_TARGET = 15.0;
				LD_RUNPATH_SEARCH_PATHS = "$(inherited) @executable_path/Frameworks";
				PRODUCT_BUNDLE_IDENTIFIER = com.lhjk.client.new;
				SDKROOT = iphoneos;
				SWIFT_VERSION = 5.0;
				TARGETED_DEVICE_FAMILY = 1;
				VALIDATE_PRODUCT = YES;
			};
			name = Release;
		};
		F7D0AA312A4174540720398A /* Debug */ = {
			isa = XCBuildConfiguration;
			baseConfigurationReference = 2726931B7C65F7052CD3282C /* Pods-lhjk-client-new.debug.xcconfig */;
			buildSettings = {
				ASSETCATALOG_COMPILER_APPICON_NAME = AppIcon;
				ASSETCATALOG_COMPILER_GLOBAL_ACCENT_COLOR_NAME = AccentColor;
				CLANG_ENABLE_OBJC_WEAK = NO;
				CODE_SIGN_STYLE = Automatic;
				ENABLE_DEBUG_DYLIB = NO;
				GENERATE_INFOPLIST_FILE = NO;
				INFOPLIST_FILE = Other/Resources/Info.plist;
				INFOPLIST_KEY_UILaunchStoryboardName = LaunchScreen;
				IPHONEOS_DEPLOYMENT_TARGET = 15.0;
				LD_RUNPATH_SEARCH_PATHS = "$(inherited) @executable_path/Frameworks";
				PRODUCT_BUNDLE_IDENTIFIER = com.lhjk.client.new;
				SDKROOT = iphoneos;
				SWIFT_VERSION = 5.0;
				TARGETED_DEVICE_FAMILY = 1;
			};
			name = Debug;
		};
/* End XCBuildConfiguration section */

/* Begin XCConfigurationList section */
		3BAC57AFAAC5045F42F718F3 /* Build configuration list for PBXNativeTarget "lhjk-client-new" */ = {
			isa = XCConfigurationList;
			buildConfigurations = (
				5CF9197E0D00704899D05663 /* Release */,
				F7D0AA312A4174540720398A /* Debug */,
			);
			defaultConfigurationIsVisible = 0;
			defaultConfigurationName = Release;
		};
		9FC2C23B1BFF795E2B7C527B /* Build configuration list for PBXProject "lhjk-client-new" */ = {
			isa = XCConfigurationList;
			buildConfigurations = (
				30C32F168E07E66A6DF9E746 /* Debug */,
				3C25C642BB4724DC14038F01 /* Release */,
			);
			defaultConfigurationIsVisible = 0;
			defaultConfigurationName = Release;
		};
/* End XCConfigurationList section */
	};
	rootObject = 3AA8AE83460C4488C01D0297 /* Project object */;
}
